---
metadata:
  version: "1.0"
artifacts:
  - download_url: "https://get.jenkins.io/war-stable/2.516.3/jenkins.war"
    checksum: "sha256:81b3abcc0f24cea48e74effe152f69dc5f0d880edc0c2737c61446b3c5992c00"
    filename: "jenkins.war"
  - download_url: "https://updates.jenkins.io/download/plugins/ant/513.vde9e7b_a_0da_0f/ant.hpi"
    checksum: "sha256:abda1f277a4311fed2ac3057a4c9b06f6313c2f0b48b4e257256fa9a9a8e43fb"
    filename: "ant.jpi"
  - download_url: "https://updates.jenkins.io/download/plugins/antisamy-markup-formatter/173.v680e3a_b_69ff3/antisamy-markup-formatter.hpi"
    checksum: "sha256:29b4765797f26c44574a2732ddf9d7d98ea0283295352497dd9eef84aed0102f"
    filename: "antisamy-markup-formatter.jpi"
  - download_url: "https://updates.jenkins.io/download/plugins/apache-httpcomponents-client-4-api/4.5.14-269.vfa_2321039a_83/apache-httpcomponents-client-4-api.hpi"
    checksum: "sha256:cea2f61cc72890b962fd4b767c31778c6cb30015b4a8758b4c26b62e51ca9533"
    filename: "apache-httpcomponents-client-4-api.jpi"
  - download_url: "https://updates.jenkins.io/download/plugins/apache-httpcomponents-client-5-api/5.5-150.veb_76e719855b_/apache-httpcomponents-client-5-api.hpi"
    checksum: "sha256:ac603f5004c2e594802839cd58250decb84673a9bf8cf88f62e60bc867d3b7f6"
    filename: "apache-httpcomponents-client-5-api.jpi"
  - download_url: "https://updates.jenkins.io/download/plugins/asm-api/9.8-135.vb_2239d08ee90/asm-api.hpi"
    checksum: "sha256:95e71f7c5e1e98b6dacb4371d51cb6c4443922ec0f88c37409c366a1e4ba37d4"
    filename: "asm-api.jpi"
  - download_url: "https://updates.jenkins.io/download/plugins/authentication-tokens/1.131.v7199556c3004/authentication-tokens.hpi"
    checksum: "sha256:9055ac45ef9ca8a84b89c734019ef86e06a526b487adcfa9c6320550cf766b4d"
    filename: "authentication-tokens.jpi"
  - download_url: "https://updates.jenkins.io/download/plugins/blueocean-autofavorite/1.2.5/blueocean-autofavorite.hpi"
    checksum: "sha256:274679e99b23b03dc4203df76b34966cc317fbb6cb46149eeec88770c6999146"
    filename: "blueocean-autofavorite.jpi"
  - download_url: "https://updates.jenkins.io/download/plugins/blueocean-bitbucket-pipeline/1.27.19/blueocean-bitbucket-pipeline.hpi"
    checksum: "sha256:da2b1737416d01ab1d25360cc8e3532176cddf6e4feadfd76879282346a3a756"
    filename: "blueocean-bitbucket-pipeline.jpi"
  - download_url: "https://updates.jenkins.io/download/plugins/blueocean-commons/1.27.19/blueocean-commons.hpi"
    checksum: "sha256:be1599e272d82ac49a63ede2d7865604316c86324e6ed242d29af55399f7bbc1"
    filename: "blueocean-commons.jpi"
  - download_url: "https://updates.jenkins.io/download/plugins/blueocean-config/1.27.19/blueocean-config.hpi"
    checksum: "sha256:9e604c98edf07f7d7874352e24567d82f74c9005297f069bb4699fa45649f274"
    filename: "blueocean-config.jpi"
  - download_url: "https://updates.jenkins.io/download/plugins/blueocean-core-js/1.27.19/blueocean-core-js.hpi"
    checksum: "sha256:97276fbf8740352e9c8f534dd2ee4fdb76fc29de7c88313ae39b4c5056e8710c"
    filename: "blueocean-core-js.jpi"
  - download_url: "https://updates.jenkins.io/download/plugins/blueocean-dashboard/1.27.19/blueocean-dashboard.hpi"
    checksum: "sha256:9abcd8b067bb4aef3b9a601531b72c00e25c3023f90fa0afd053056f9479e145"
    filename: "blueocean-dashboard.jpi"
  - download_url: "https://updates.jenkins.io/download/plugins/blueocean-display-url/2.4.4/blueocean-display-url.hpi"
    checksum: "sha256:02436c6cc8b35dd9a4f925a13b547bf163703233e7061703e428e98cd8e0d17a"
    filename: "blueocean-display-url.jpi"
  - download_url: "https://updates.jenkins.io/download/plugins/blueocean-events/1.27.19/blueocean-events.hpi"
    checksum: "sha256:bfd43cf28fb074069da77f907eae843bb1a29d2684f75a8e212e35eef48d6838"
    filename: "blueocean-events.jpi"
  - download_url: "https://updates.jenkins.io/download/plugins/blueocean-git-pipeline/1.27.19/blueocean-git-pipeline.hpi"
    checksum: "sha256:daeb507649e683ec7aa0d04dfa7f5a204c594cc399767d84e4fc4f003dbda88e"
    filename: "blueocean-git-pipeline.jpi"
  - download_url: "https://updates.jenkins.io/download/plugins/blueocean-github-pipeline/1.27.19/blueocean-github-pipeline.hpi"
    checksum: "sha256:3edf90964cd07008cfc08b8e3fc402381152c43db1203f0a68cd80553563abec"
    filename: "blueocean-github-pipeline.jpi"
  - download_url: "https://updates.jenkins.io/download/plugins/blueocean-i18n/1.27.19/blueocean-i18n.hpi"
    checksum: "sha256:dc9c8cea06ccb1474da4ddbbd0b8487dd64e571662c38569ed0839bcb33de554"
    filename: "blueocean-i18n.jpi"
  - download_url: "https://updates.jenkins.io/download/plugins/blueocean-jwt/1.27.19/blueocean-jwt.hpi"
    checksum: "sha256:284d1d4ee270bc69a77cd9a274fc02a695eebd5d4aa9946c391fe92c822b9c6b"
    filename: "blueocean-jwt.jpi"
  - download_url: "https://updates.jenkins.io/download/plugins/blueocean-personalization/1.27.19/blueocean-personalization.hpi"
    checksum: "sha256:f338e080ee8db1e30a7e029bfcecf7f89dff5d850c6f9a6561550c43ec9779fd"
    filename: "blueocean-personalization.jpi"
  - download_url: "https://updates.jenkins.io/download/plugins/blueocean-pipeline-api-impl/1.27.19/blueocean-pipeline-api-impl.hpi"
    checksum: "sha256:81816299c76ffcd32931053762c7493474f40dca5c75eace9d3ad40eba0776af"
    filename: "blueocean-pipeline-api-impl.jpi"
  - download_url: "https://updates.jenkins.io/download/plugins/blueocean-pipeline-editor/1.27.19/blueocean-pipeline-editor.hpi"
    checksum: "sha256:a0c0b38bede50cc99af5b9ffede089a07da9986266f489c6e4126478f284b187"
    filename: "blueocean-pipeline-editor.jpi"
  - download_url: "https://updates.jenkins.io/download/plugins/blueocean-pipeline-scm-api/1.27.19/blueocean-pipeline-scm-api.hpi"
    checksum: "sha256:4f8a7886b9ca2c10386f1ecee3ee5c18236b0c39e49df90c2d311ce0c434c9e1"
    filename: "blueocean-pipeline-scm-api.jpi"
  - download_url: "https://updates.jenkins.io/download/plugins/blueocean-rest-impl/1.27.19/blueocean-rest-impl.hpi"
    checksum: "sha256:5f8eb76ee481220b2056645d957ac8a994af99364dfbc9cf2f643d884d9fccf0"
    filename: "blueocean-rest-impl.jpi"
  - download_url: "https://updates.jenkins.io/download/plugins/blueocean-rest/1.27.19/blueocean-rest.hpi"
    checksum: "sha256:6bd7416cce4dba29419523993b5c08e58df647c70428d4f966099ce750852aef"
    filename: "blueocean-rest.jpi"
  - download_url: "https://updates.jenkins.io/download/plugins/blueocean-web/1.27.19/blueocean-web.hpi"
    checksum: "sha256:2515e63eb2a5497779361150eedfbe6254642286168a17a5a2a51ebb8d28c39a"
    filename: "blueocean-web.jpi"
  - download_url: "https://updates.jenkins.io/download/plugins/blueocean/1.27.19/blueocean.hpi"
    checksum: "sha256:d25706cfd313802f27ea275861a912e6615fc39a34490be29b8e87720eaf5400"
    filename: "blueocean.jpi"
  - download_url: "https://updates.jenkins.io/download/plugins/bootstrap5-api/5.3.5-1/bootstrap5-api.hpi"
    checksum: "sha256:6d31e41ce651986060b9175af605ff29338e7e0b4759b69f18c5effd23631c52"
    filename: "bootstrap5-api.jpi"
  - download_url: "https://updates.jenkins.io/download/plugins/bouncycastle-api/2.30.1.80-261.v00c0e2618ec3/bouncycastle-api.hpi"
    checksum: "sha256:16281d1df254905723ec3007af2878a3c6009f209cd5d39188f76e8fe38106c0"
    filename: "bouncycastle-api.jpi"
  - download_url: "https://updates.jenkins.io/download/plugins/branch-api/2.1217.v43d8b_b_d8b_2c7/branch-api.hpi"
    checksum: "sha256:93e82ce77389ccef4202f4c2d5ed2c49e4feffe61168ea3c77c927d907afa0b5"
    filename: "branch-api.jpi"
  - download_url: "https://updates.jenkins.io/download/plugins/caffeine-api/3.2.0-166.v72a_6d74b_870f/caffeine-api.hpi"
    checksum: "sha256:d95ee34910e5c965636fc04bb61f1d4d8cb6c457aa3c32ca953243fe2d3df013"
    filename: "caffeine-api.jpi"
  - download_url: "https://updates.jenkins.io/download/plugins/checks-api/370.vb_61a_c57328f3/checks-api.hpi"
    checksum: "sha256:18cb385a4bd6f570279d61f6706b83b1ff3535d42c0daaf5f488506da3f1e3fb"
    filename: "checks-api.jpi"
  - download_url: "https://updates.jenkins.io/download/plugins/cloudbees-bitbucket-branch-source/936.3.1/cloudbees-bitbucket-branch-source.hpi"
    checksum: "sha256:bbb0fb7f26a7712e4afce26c61b4cf09c8603ea9cf59ce6acf812da5f6c3ec4c"
    filename: "cloudbees-bitbucket-branch-source.jpi"
  - download_url: "https://updates.jenkins.io/download/plugins/cloudbees-folder/6.1023.v4fcb_72152519/cloudbees-folder.hpi"
    checksum: "sha256:ffda8f687a44cde3917e3ab4eb7237e4d1018ecb92afa346f7ab1d89e8c07866"
    filename: "cloudbees-folder.jpi"
  - download_url: "https://updates.jenkins.io/download/plugins/command-launcher/123.v37cfdc92ef67/command-launcher.hpi"
    checksum: "sha256:79068415d65ad7f8fb639f9f5a78f3fa14607340e89e9c6a94004d44af06f9ab"
    filename: "command-launcher.jpi"
  - download_url: "https://updates.jenkins.io/download/plugins/commons-compress-api/1.27.1-3/commons-compress-api.hpi"
    checksum: "sha256:d8bfea27e58bdc098bf9a9a044fe90d21f09fd8ccb56acd730d61de8a7b87c29"
    filename: "commons-compress-api.jpi"
  - download_url: "https://updates.jenkins.io/download/plugins/commons-lang3-api/3.17.0-87.v5cf526e63b_8b_/commons-lang3-api.hpi"
    checksum: "sha256:d654d467dbb60d7af0b7641d972abff40b1509a2379b2350b2774e00a1df54cf"
    filename: "commons-lang3-api.jpi"
  - download_url: "https://updates.jenkins.io/download/plugins/commons-text-api/1.13.1-176.v74d88f22034b_/commons-text-api.hpi"
    checksum: "sha256:1d1887d56100e18281eff60391fe0dc3e32ade70980253fc8947a04dfe1b706d"
    filename: "commons-text-api.jpi"
  - download_url: "https://updates.jenkins.io/download/plugins/conditional-buildstep/1.5.0/conditional-buildstep.hpi"
    checksum: "sha256:eb6cdd4191eb4405949c7b6c0289d90552f47f5e2dd4a41624769e91fb1f8b52"
    filename: "conditional-buildstep.jpi"
  - download_url: "https://updates.jenkins.io/download/plugins/config-file-provider/988.v0461fcc2b_9d1/config-file-provider.hpi"
    checksum: "sha256:707a7be1e8bf2048f484b4a60195ace82a8a9ba3b0fd9b7e7987c1f6a9e6d3a2"
    filename: "config-file-provider.jpi"
  - download_url: "https://updates.jenkins.io/download/plugins/configuration-as-code-groovy/1.1/configuration-as-code-groovy.hpi"
    checksum: "sha256:3c2ab4a45b3b0232243669c4400f31715285d5f5e20accd0f228d863fc43e866"
    filename: "configuration-as-code-groovy.jpi"
  - download_url: "https://updates.jenkins.io/download/plugins/configuration-as-code/1971.vf9280461ea_89/configuration-as-code.hpi"
    checksum: "sha256:841aa6450e6478dc7cde0f719f2fb4fc2272be2e7a2f3ce44f401840954ba29b"
    filename: "configuration-as-code.jpi"
  - download_url: "https://updates.jenkins.io/download/plugins/credentials-binding/687.v619cb_15e923f/credentials-binding.hpi"
    checksum: "sha256:3a589c067bfc21e3792f2f60efa63a5a46ceedcb13af2b1ad4b1f631e4f37d0d"
    filename: "credentials-binding.jpi"
  - download_url: "https://updates.jenkins.io/download/plugins/credentials/1415.v831096eb_5534/credentials.hpi"
    checksum: "sha256:a1a61da5bef93e405154fd2af9798cdcd03b7f60fb086b9534a74f8175b9c290"
    filename: "credentials.jpi"
  - download_url: "https://updates.jenkins.io/download/plugins/data-tables-api/2.2.2-1/data-tables-api.hpi"
    checksum: "sha256:0c3320e62c22e927d182aa92ed066db6281a23512082e4f5259838607c5d620a"
    filename: "data-tables-api.jpi"
  - download_url: "https://updates.jenkins.io/download/plugins/display-url-api/2.209.v582ed814ff2f/display-url-api.hpi"
    checksum: "sha256:413075f95bb93769708a5d4d660ca454f10005f10af26f5213f788e9750e6825"
    filename: "display-url-api.jpi"
  - download_url: "https://updates.jenkins.io/download/plugins/docker-commons/451.vd12c371eeeb_3/docker-commons.hpi"
    checksum: "sha256:1639b22999dcffae1c64a2c1e91f3de6c687e4f0444aab860eb26fbd07f2ffd6"
    filename: "docker-commons.jpi"
  - download_url: "https://updates.jenkins.io/download/plugins/durable-task/587.v84b_877235b_45/durable-task.hpi"
    checksum: "sha256:f44a5d865767fbf8b37c68c9f7ff5fa26ae76964784f1e2e426ac5e2d6b939b4"
    filename: "durable-task.jpi"
  - download_url: "https://updates.jenkins.io/download/plugins/echarts-api/5.6.0-4/echarts-api.hpi"
    checksum: "sha256:52083b883eecf33beb739ebeab874f66a02d596ae3f78c5a8061f74558909e2c"
    filename: "echarts-api.jpi"
  - download_url: "https://updates.jenkins.io/download/plugins/eddsa-api/0.3.0.1-19.vc432d923e5ee/eddsa-api.hpi"
    checksum: "sha256:35c7decb2c08accb96a7a4d54cac7d0af6713c242192142dad56cec50949143a"
    filename: "eddsa-api.jpi"
  - download_url: "https://updates.jenkins.io/download/plugins/email-ext/1876.v28d8d38315b_d/email-ext.hpi"
    checksum: "sha256:c0fc6b34b133fd2c8d293d9d02933cf410c5d37fceeca29a7c351f692d806168"
    filename: "email-ext.jpi"
  - download_url: "https://updates.jenkins.io/download/plugins/favorite/2.237.v79163ca_8b_892/favorite.hpi"
    checksum: "sha256:f016983c93d49aa4a2af4838fda0cad3f173460345d46cd5dc5bcf3e41c56317"
    filename: "favorite.jpi"
  - download_url: "https://updates.jenkins.io/download/plugins/font-awesome-api/6.7.2-1/font-awesome-api.hpi"
    checksum: "sha256:039c676c61f45cc256e7759abdc5c3c8d46533895e403cf1128895ad4b19dd3f"
    filename: "font-awesome-api.jpi"
  - download_url: "https://updates.jenkins.io/download/plugins/git-client/6.1.3/git-client.hpi"
    checksum: "sha256:cd1c1c4d8d8310235915f89b8e7fa19b89ebca731d9a0d9d59596547e3e8c521"
    filename: "git-client.jpi"
  - download_url: "https://updates.jenkins.io/download/plugins/git-server/137.ve0060b_432302/git-server.hpi"
    checksum: "sha256:ce0a4e06a8773c52004d065c638a8e867f02f4ce4d5c41579aea397fd2288497"
    filename: "git-server.jpi"
  - download_url: "https://updates.jenkins.io/download/plugins/git/5.7.0/git.hpi"
    checksum: "sha256:20f7121b7cfda1d31b0c447b3e3598dc9e5f04fd5fe7e9e784122a496c2e5cea"
    filename: "git.jpi"
  - download_url: "https://updates.jenkins.io/download/plugins/github-api/1.321-488.v9b_c0da_9533f8/github-api.hpi"
    checksum: "sha256:14ee4a2c87df8a0fa9d5ac1d51b3d9e58962b1d0e6e74e62bc0ba3b19f656891"
    filename: "github-api.jpi"
  - download_url: "https://updates.jenkins.io/download/plugins/github-branch-source/1815.v9152b_2ff7a_1b_/github-branch-source.hpi"
    checksum: "sha256:d1abfd49d60870af0cf32b51b2ad9436262ff92e496cdd191c09fa806917050d"
    filename: "github-branch-source.jpi"
  - download_url: "https://updates.jenkins.io/download/plugins/github/1.43.0/github.hpi"
    checksum: "sha256:b283571c612f19f6788e72d4129b580661d526a0d645e3d3b9a09fde01b20d45"
    filename: "github.jpi"
  - download_url: "https://updates.jenkins.io/download/plugins/google-oauth-plugin/1.335.ve6de40e2db_18/google-oauth-plugin.hpi"
    checksum: "sha256:2454ec345df6aa40ca484aad9461beb383cc52e73ac8a9c2c2acb0b583c234fd"
    filename: "google-oauth-plugin.jpi"
  - download_url: "https://updates.jenkins.io/download/plugins/groovy/497.v7b_061a_a_de65d/groovy.hpi"
    checksum: "sha256:087e6a291896b606878c41e3eac2018b787c8943c2c7dadd67b11d0e393fa03a"
    filename: "groovy.jpi"
  - download_url: "https://updates.jenkins.io/download/plugins/gson-api/2.13.1-139.v4569c2ef303f/gson-api.hpi"
    checksum: "sha256:324330ac703a26f24918166c92864c0023d6a60a39821bdc4b4c98eaa750e467"
    filename: "gson-api.jpi"
  - download_url: "https://updates.jenkins.io/download/plugins/handy-uri-templates-2-api/2.1.8-36.v85e4cb_234a_13/handy-uri-templates-2-api.hpi"
    checksum: "sha256:3521bf7b304ab606ff12aaf3ccbad2317f9e752b783fa2263266f1759e6a71e1"
    filename: "handy-uri-templates-2-api.jpi"
  - download_url: "https://updates.jenkins.io/download/plugins/htmlpublisher/425/htmlpublisher.hpi"
    checksum: "sha256:83acb548eaa5ab4f4a5f41edabe55376c120df097d832f5480713135d7da75c3"
    filename: "htmlpublisher.jpi"
  - download_url: "https://updates.jenkins.io/download/plugins/instance-identity/203.v15e81a_1b_7a_38/instance-identity.hpi"
    checksum: "sha256:df2b3205a6177248f12b294650a60405f65ba2cd503ca9599b2dcb72c1de5018"
    filename: "instance-identity.jpi"
  - download_url: "https://updates.jenkins.io/download/plugins/ionicons-api/88.va_4187cb_eddf1/ionicons-api.hpi"
    checksum: "sha256:2d6ea40a587572bd0dbf60050f0a6c0468e66f12b35f3ca65cdfce50440dfa6f"
    filename: "ionicons-api.jpi"
  - download_url: "https://updates.jenkins.io/download/plugins/jackson2-api/2.18.3-402.v74c4eb_f122b_2/jackson2-api.hpi"
    checksum: "sha256:7ca2d68754c44b79c8137fb60df3c89b9b9cb42342a42477b1b26dbe47903278"
    filename: "jackson2-api.jpi"
  - download_url: "https://updates.jenkins.io/download/plugins/jakarta-activation-api/2.1.3-2/jakarta-activation-api.hpi"
    checksum: "sha256:784887a95486dfdc37c31fb7a67539fd2ed55fcf5f0d13ccf300488e2b776753"
    filename: "jakarta-activation-api.jpi"
  - download_url: "https://updates.jenkins.io/download/plugins/jakarta-mail-api/2.1.3-2/jakarta-mail-api.hpi"
    checksum: "sha256:85ed32925d9e4aca4f7e23b73c61c7c9a643a0accf17f9bdf3f42385217e34c2"
    filename: "jakarta-mail-api.jpi"
  - download_url: "https://updates.jenkins.io/download/plugins/javadoc/327.vdfe586651ee0/javadoc.hpi"
    checksum: "sha256:690f54ee252486f72e1eb03e7de3b3c57df5aca44f30209c2445927a465cc6d9"
    filename: "javadoc.jpi"
  - download_url: "https://updates.jenkins.io/download/plugins/javax-activation-api/1.2.0-8/javax-activation-api.hpi"
    checksum: "sha256:e96e88c52edf07ba00fb45b26cc411a7a95fa3d4491aaa1a5d36637665880560"
    filename: "javax-activation-api.jpi"
  - download_url: "https://updates.jenkins.io/download/plugins/javax-mail-api/1.6.2-11/javax-mail-api.hpi"
    checksum: "sha256:59db5e1d1bc70dee92f06fe1de4982b90a678c5ad775fa84c501120717015424"
    filename: "javax-mail-api.jpi"
  - download_url: "https://updates.jenkins.io/download/plugins/jaxb/2.3.9-133.vb_ec76a_73f706/jaxb.hpi"
    checksum: "sha256:62eddf7775e5b729841a9697625ccd1a5134e754cc476a0098b53b64e0591ee8"
    filename: "jaxb.jpi"
  - download_url: "https://updates.jenkins.io/download/plugins/jdk-tool/83.v417146707a_3d/jdk-tool.hpi"
    checksum: "sha256:3f056620342e1a9f97dff41e635970d98a1a33987ed9c9f6c39be7deea341b50"
    filename: "jdk-tool.jpi"
  - download_url: "https://updates.jenkins.io/download/plugins/jenkins-design-language/1.27.19/jenkins-design-language.hpi"
    checksum: "sha256:f04a9a15377aca151782d8c800bf6b21d4c1a6d9e556e7732b5c4416f6e5dc40"
    filename: "jenkins-design-language.jpi"
  - download_url: "https://updates.jenkins.io/download/plugins/jersey2-api/2.45-154.v4ded3dc34f81/jersey2-api.hpi"
    checksum: "sha256:28c5ae2ae09e990716adf64258171fca3467fd61aa22ed2df0f8ca9750c9e8f6"
    filename: "jersey2-api.jpi"
  - download_url: "https://updates.jenkins.io/download/plugins/jira/3.16/jira.hpi"
    checksum: "sha256:dc980b95e8426f502ab05cb6a197d7c9c2a7587850d883da4c0b5439b88e224f"
    filename: "jira.jpi"
  - download_url: "https://updates.jenkins.io/download/plugins/jjwt-api/0.11.5-120.v0268cf544b_89/jjwt-api.hpi"
    checksum: "sha256:c88bcbd7573ccb31ed9d819ee2611eb019d733a9d51cd1b70ad53a61aaf52489"
    filename: "jjwt-api.jpi"
  - download_url: "https://updates.jenkins.io/download/plugins/job-dsl/1.92/job-dsl.hpi"
    checksum: "sha256:f32b7d899c2da0871404540b56bc03a43941458af5d3721e4df3166dcf985da0"
    filename: "job-dsl.jpi"
  - download_url: "https://updates.jenkins.io/download/plugins/joda-time-api/2.14.0-127.v7d9da_295a_d51/joda-time-api.hpi"
    checksum: "sha256:c273898fb627a13743e7b6e37b13d911b3ec37a8ffef515b218409a0fb54b05c"
    filename: "joda-time-api.jpi"
  - download_url: "https://updates.jenkins.io/download/plugins/jquery3-api/3.7.1-3/jquery3-api.hpi"
    checksum: "sha256:1823f32895013b8c75adfa975265482968a12aad768c71c66b69960a96e52a34"
    filename: "jquery3-api.jpi"
  - download_url: "https://updates.jenkins.io/download/plugins/jsch/0.2.16-95.v3eecb_55fa_b_78/jsch.hpi"
    checksum: "sha256:2c61d204ed4d2c0ee3a208bfc3c68f52031d4942b9693cca1d0849db4cde0616"
    filename: "jsch.jpi"
  - download_url: "https://updates.jenkins.io/download/plugins/json-api/20250517-153.vc8a_a_d87c0ce3/json-api.hpi"
    checksum: "sha256:629b79cd058180be16aa3a1dc501a761913d45b276930cc23a0197bb4304d16c"
    filename: "json-api.jpi"
  - download_url: "https://updates.jenkins.io/download/plugins/json-path-api/2.9.0-148.v22a_7ffe323ce/json-path-api.hpi"
    checksum: "sha256:93fcc1f46b6c292dfc465ae45f094d5e0eb7ad37a60a9976ad43f0f4b5b55991"
    filename: "json-path-api.jpi"
  - download_url: "https://updates.jenkins.io/download/plugins/jsoup/1.20.1-46.ve5f1416988c2/jsoup.hpi"
    checksum: "sha256:e79aff3bf17199a54d9dd76a73edecac1e3a8f155ea3bc3b41276f5594c5e7f0"
    filename: "jsoup.jpi"
  - download_url: "https://updates.jenkins.io/download/plugins/junit/1335.v6b_a_a_e18534e1/junit.hpi"
    checksum: "sha256:7c24b69407226137da4a8b5da4cc9823dc5486f7e6e184c7f56eed9de0f43574"
    filename: "junit.jpi"
  - download_url: "https://updates.jenkins.io/download/plugins/kubernetes-client-api/6.10.0-251.v556f5f100500/kubernetes-client-api.hpi"
    checksum: "sha256:6af8b04e8f42efaf12f48195986e1cc001d411994b8f8adcce1fda35ebcdde41"
    filename: "kubernetes-client-api.jpi"
  - download_url: "https://updates.jenkins.io/download/plugins/kubernetes-credentials/192.v4d5b_1c429d17/kubernetes-credentials.hpi"
    checksum: "sha256:c09df6865c25fce1d8a885a99ec2aea8d1386e48cbccbf6d76e65d9d52ada679"
    filename: "kubernetes-credentials.jpi"
  - download_url: "https://updates.jenkins.io/download/plugins/kubernetes/4353.vb_47977da_9417/kubernetes.hpi"
    checksum: "sha256:483a4e5ee174b2e02b845628e151b5f08a998c33f05fa116036931110b7d34bf"
    filename: "kubernetes.jpi"
  - download_url: "https://updates.jenkins.io/download/plugins/lockable-resources/1349.v8b_ccb_c5487f7/lockable-resources.hpi"
    checksum: "sha256:289789038919ca4a11df09e03c1d5a4e53c2c7573f31cc47c2b1914f2920d285"
    filename: "lockable-resources.jpi"
  - download_url: "https://updates.jenkins.io/download/plugins/mailer/489.vd4b_25144138f/mailer.hpi"
    checksum: "sha256:1d836fe30c6515f3918f951d12a4f4aad1d9108eeaa059ff8beaae5e44527da0"
    filename: "mailer.jpi"
  - download_url: "https://updates.jenkins.io/download/plugins/mapdb-api/1.0.9-44.va_1e1310c9118/mapdb-api.hpi"
    checksum: "sha256:e9ef3c650728b9b8d391966281811a0e326b231167d8ef7e3761f7f985196baa"
    filename: "mapdb-api.jpi"
  - download_url: "https://updates.jenkins.io/download/plugins/matrix-auth/3.2.6/matrix-auth.hpi"
    checksum: "sha256:723e7c8f732eadfcea2446c3b70fad349fddca868c47ea2383de34855c9271bc"
    filename: "matrix-auth.jpi"
  - download_url: "https://updates.jenkins.io/download/plugins/matrix-project/849.v0cd64ed7e531/matrix-project.hpi"
    checksum: "sha256:b8c7f15e9094be993d1b3b6ef1c6a1e7d5e245aeba6248fd36ac9978b3d78266"
    filename: "matrix-project.jpi"
  - download_url: "https://updates.jenkins.io/download/plugins/maven-plugin/3.26/maven-plugin.hpi"
    checksum: "sha256:2e110d157a5ef0b3afaf1e0759ab2d4951ac10afdf08d9be72a53a7f72bfbdb1"
    filename: "maven-plugin.jpi"
  - download_url: "https://updates.jenkins.io/download/plugins/mercurial/1309.v6802b_f0efb_b_9/mercurial.hpi"
    checksum: "sha256:fd2dd6421f6a2c6c28914222dd5a72b2a1d7c531dffebec5e19b50d936a78215"
    filename: "mercurial.jpi"
  - download_url: "https://updates.jenkins.io/download/plugins/metrics/4.2.32-476.v5042e1c1edd7/metrics.hpi"
    checksum: "sha256:4c4d3cb16750c681e410a85fafe0fccba284546f0bbda147275a2f2e2ad6e7cf"
    filename: "metrics.jpi"
  - download_url: "https://updates.jenkins.io/download/plugins/mina-sshd-api-common/2.15.0-161.vb_200831a_c15b_/mina-sshd-api-common.hpi"
    checksum: "sha256:c8c7b80c3cfd6a6ab40effff19d2f43338ee12345f51774c43b9628be4256960"
    filename: "mina-sshd-api-common.jpi"
  - download_url: "https://updates.jenkins.io/download/plugins/mina-sshd-api-core/2.15.0-161.vb_200831a_c15b_/mina-sshd-api-core.hpi"
    checksum: "sha256:4e55944cda37658d692215740c842850d11b4baef79b5aa9bcb4085b66ba1a59"
    filename: "mina-sshd-api-core.jpi"
  - download_url: "https://updates.jenkins.io/download/plugins/oauth-credentials/0.657.v7d8dd90b_0382/oauth-credentials.hpi"
    checksum: "sha256:eefaaa0e296e07c3132f3971cc9a2fc065c0b17440f578cbed5464ff3e860dbd"
    filename: "oauth-credentials.jpi"
  - download_url: "https://updates.jenkins.io/download/plugins/okhttp-api/4.11.0-189.v976fa_d3379d6/okhttp-api.hpi"
    checksum: "sha256:f08cd625c7316d9f2cea3e968bd7579cbca53fb54a4251b6afa2064b2eefd077"
    filename: "okhttp-api.jpi"
  - download_url: "https://updates.jenkins.io/download/plugins/openshift-client/1.1.0.424.v829cb_ccf8798/openshift-client.hpi"
    checksum: "sha256:3557c8d13bef78014be79e218ac3d4e9145c5347b27275d46f230b1e740aa28f"
    filename: "openshift-client.jpi"
  - download_url: "https://updates.jenkins.io/download/plugins/openshift-login/1.1.0.248.v1908df5c4f5e/openshift-login.hpi"
    checksum: "sha256:3014aa9f0ee6a6f83c4d54e567d8bb7504fb3cc07575fd3179f5df4badbfb24b"
    filename: "openshift-login.jpi"
  - download_url: "https://updates.jenkins.io/download/plugins/openshift-sync/1.1.0.818.v3883b_3b_df89a_/openshift-sync.hpi"
    checksum: "sha256:25d3c892040f96b72d0d36d06a8a77dbe7aead8303b587dd93d23eebe1568d5f"
    filename: "openshift-sync.jpi"
  - download_url: "https://updates.jenkins.io/download/plugins/oss-symbols-api/324.v432cce4172ca_/oss-symbols-api.hpi"
    checksum: "sha256:8b61eb828de459116e91ff8baef6f22c5f85e6c8881843045779c57be8163e74"
    filename: "oss-symbols-api.jpi"
  - download_url: "https://updates.jenkins.io/download/plugins/pam-auth/1.12/pam-auth.hpi"
    checksum: "sha256:e10f65e933b551e93f240d5bc34076cd081db9266b18661d4862ffd6c9660e85"
    filename: "pam-auth.jpi"
  - download_url: "https://updates.jenkins.io/download/plugins/parameterized-trigger/859.vb_e3907a_07a_16/parameterized-trigger.hpi"
    checksum: "sha256:3844bc3889daf019b8c608a15400021402ac5b392307c63948c491e362f1d3f3"
    filename: "parameterized-trigger.jpi"
  - download_url: "https://updates.jenkins.io/download/plugins/pipeline-build-step/567.vea_ce550ece97/pipeline-build-step.hpi"
    checksum: "sha256:2d771cf9ba51efd6ee45e1a66047bf850de6267304e014590d842f0e6c62eef1"
    filename: "pipeline-build-step.jpi"
  - download_url: "https://updates.jenkins.io/download/plugins/pipeline-graph-analysis/237.v2b_75640ca_888/pipeline-graph-analysis.hpi"
    checksum: "sha256:9477bf0ef3fc65bd1a15e5a94ba2e93c3b3e3b6e3e879544c2885e3ae000fd0f"
    filename: "pipeline-graph-analysis.jpi"
  - download_url: "https://updates.jenkins.io/download/plugins/pipeline-groovy-lib/752.vdddedf804e72/pipeline-groovy-lib.hpi"
    checksum: "sha256:ed150d08dacd67abeebb90a9996eceb8e2610ddb544adfd57148d0729eb997dc"
    filename: "pipeline-groovy-lib.jpi"
  - download_url: "https://updates.jenkins.io/download/plugins/pipeline-input-step/517.vf8e782ee645c/pipeline-input-step.hpi"
    checksum: "sha256:534a02cb1dcfb859e6ed6b3b7150f49fb66f0d7db7535352f6e72cb71d25b099"
    filename: "pipeline-input-step.jpi"
  - download_url: "https://updates.jenkins.io/download/plugins/pipeline-milestone-step/138.v78ca_76831a_43/pipeline-milestone-step.hpi"
    checksum: "sha256:074f7fb37a62522df1038cf43643e86d185bdca4352385e678799af4db5bc4d1"
    filename: "pipeline-milestone-step.jpi"
  - download_url: "https://updates.jenkins.io/download/plugins/pipeline-model-api/2.2255.v56a_15e805f12/pipeline-model-api.hpi"
    checksum: "sha256:1df2d386ab0517966a4a903e32fcf9526f7ee22b331a9de7a0595b01b984e49b"
    filename: "pipeline-model-api.jpi"
  - download_url: "https://updates.jenkins.io/download/plugins/pipeline-model-definition/2.2255.v56a_15e805f12/pipeline-model-definition.hpi"
    checksum: "sha256:5d97227d0081ccafd35815c437e9913da23deba76dd3d7730f5b643f3c94369f"
    filename: "pipeline-model-definition.jpi"
  - download_url: "https://updates.jenkins.io/download/plugins/pipeline-model-extensions/2.2255.v56a_15e805f12/pipeline-model-extensions.hpi"
    checksum: "sha256:2cdbf8266c3770e3afaff0b3fec40d8e49b600ab17061a476defb6dee68c81e3"
    filename: "pipeline-model-extensions.jpi"
  - download_url: "https://updates.jenkins.io/download/plugins/pipeline-rest-api/2.38/pipeline-rest-api.hpi"
    checksum: "sha256:432602c5c8d8e3fa19098fe6aa10e4cfef1c2ea3c109dc1d423083ae9fb3f432"
    filename: "pipeline-rest-api.jpi"
  - download_url: "https://updates.jenkins.io/download/plugins/pipeline-stage-step/322.vecffa_99f371c/pipeline-stage-step.hpi"
    checksum: "sha256:e4ed6438ff6073156bc4269d362129b34099a0da7f2abb279b2e39e7dc0a75ca"
    filename: "pipeline-stage-step.jpi"
  - download_url: "https://updates.jenkins.io/download/plugins/pipeline-stage-tags-metadata/2.2255.v56a_15e805f12/pipeline-stage-tags-metadata.hpi"
    checksum: "sha256:98219a954d2c1846ade823269b0d9a84024fa6d2c6ca1bdbb788f6099864556c"
    filename: "pipeline-stage-tags-metadata.jpi"
  - download_url: "https://updates.jenkins.io/download/plugins/pipeline-stage-view/2.38/pipeline-stage-view.hpi"
    checksum: "sha256:af07e4dfb4f5be8a2338d7a06dff3829bf558518f7c39aeea3156642a0a33019"
    filename: "pipeline-stage-view.jpi"
  - download_url: "https://updates.jenkins.io/download/plugins/pipeline-utility-steps/2.19.0/pipeline-utility-steps.hpi"
    checksum: "sha256:14733e0b9adcd2bb97c1672b41e7fceafcdef08ef3b7349012943be291c9b3c7"
    filename: "pipeline-utility-steps.jpi"
  - download_url: "https://updates.jenkins.io/download/plugins/plain-credentials/195.vb_906e9073dee/plain-credentials.hpi"
    checksum: "sha256:ea6b3b4da3fcc73cab79703364735c18d6777c80c8b4511e55eb0767d33c9756"
    filename: "plain-credentials.jpi"
  - download_url: "https://updates.jenkins.io/download/plugins/plugin-util-api/6.1.0/plugin-util-api.hpi"
    checksum: "sha256:8a05d7920ecde96f45406a926ff6708ce70aa7c830444ecaffc9ebe1220a45d0"
    filename: "plugin-util-api.jpi"
  - download_url: "https://updates.jenkins.io/download/plugins/prism-api/1.30.0-1/prism-api.hpi"
    checksum: "sha256:b23e28bce3a429bf715c81a950190b132085d5762d2fedbc4546d14b8439ec3a"
    filename: "prism-api.jpi"
  - download_url: "https://updates.jenkins.io/download/plugins/prometheus/819.v50953a_c560dd/prometheus.hpi"
    checksum: "sha256:63abf82af3a99044827d1443ebbc89dfd0f944b843d7c73c3fe9b54fd4702ba8"
    filename: "prometheus.jpi"
  - download_url: "https://updates.jenkins.io/download/plugins/pubsub-light/1.19/pubsub-light.hpi"
    checksum: "sha256:c06fa0da18d5586fe934fa30f84a7f96f23297c491fce3dfcf7326adfbc04d0d"
    filename: "pubsub-light.jpi"
  - download_url: "https://updates.jenkins.io/download/plugins/run-condition/243.v3c3f94e46a_8b_/run-condition.hpi"
    checksum: "sha256:1ec8909eccc7c698858e6918660ddc0fcfc530391417d249b36409cf1abbf6e3"
    filename: "run-condition.jpi"
  - download_url: "https://updates.jenkins.io/download/plugins/scm-api/704.v3ce5c542825a_/scm-api.hpi"
    checksum: "sha256:ee7223516ab011f8431f93dd50fd22718c60ecde50eeffebf295554221da10c9"
    filename: "scm-api.jpi"
  - download_url: "https://updates.jenkins.io/download/plugins/script-security/1373.vb_b_4a_a_c26fa_00/script-security.hpi"
    checksum: "sha256:7199fe62124b15776595331bcafe3f4c3d48293a535dfdaaf44df6f1b5efc427"
    filename: "script-security.jpi"
  - download_url: "https://updates.jenkins.io/download/plugins/snakeyaml-api/2.3-125.v4d77857a_b_402/snakeyaml-api.hpi"
    checksum: "sha256:8995f229e7e1558fd8482229ed132353cbb3258009f3b9f1845d617f0ac17e42"
    filename: "snakeyaml-api.jpi"
  - download_url: "https://updates.jenkins.io/download/plugins/sse-gateway/1.28/sse-gateway.hpi"
    checksum: "sha256:3ce1f9e6df199d090e1ab5030672b26e6a1dbee52f352400271a71066036ad13"
    filename: "sse-gateway.jpi"
  - download_url: "https://updates.jenkins.io/download/plugins/ssh-credentials/355.v9b_e5b_cde5003/ssh-credentials.hpi"
    checksum: "sha256:1486161e2344f347827ba991b7a7b8db1bdb3030f65c4a960c609bf364dc6b6c"
    filename: "ssh-credentials.jpi"
  - download_url: "https://updates.jenkins.io/download/plugins/sshd/3.353.v2b_d33c46e970/sshd.hpi"
    checksum: "sha256:c171bffabf33a6dce0491ea486a2da74152be0868e3199b7b34534cb37f564ce"
    filename: "sshd.jpi"
  - download_url: "https://updates.jenkins.io/download/plugins/structs/343.vdcf37b_a_c81d5/structs.hpi"
    checksum: "sha256:10708c30f652ace243ab0401f39139c51a870adda76ed73387ac072eed61428b"
    filename: "structs.jpi"
  - download_url: "https://updates.jenkins.io/download/plugins/subversion/1287.vd2d507146906/subversion.hpi"
    checksum: "sha256:820e144e2a2b3a358792942e5c7ee98890d70df0991e9b004d6ed1297c0f5b87"
    filename: "subversion.jpi"
  - download_url: "https://updates.jenkins.io/download/plugins/token-macro/444.v52de7e9c573d/token-macro.hpi"
    checksum: "sha256:1b0f9b14beb5358a03dedc32eff09c81b3696b9dd2547a4a236f9888f7579e6a"
    filename: "token-macro.jpi"
  - download_url: "https://updates.jenkins.io/download/plugins/trilead-api/2.209.v0e69b_c43c245/trilead-api.hpi"
    checksum: "sha256:7e8c00767ac24d017e262665d676ccd74b1b22028f7210f85520ff139bd821ed"
    filename: "trilead-api.jpi"
  - download_url: "https://updates.jenkins.io/download/plugins/variant/70.va_d9f17f859e0/variant.hpi"
    checksum: "sha256:12e214ea694469a4461b55881ecb4074ae5dfb04797dbc0dad390f6f4bc75aaf"
    filename: "variant.jpi"
  - download_url: "https://updates.jenkins.io/download/plugins/workflow-api/1373.v7b_813f10efa_b_/workflow-api.hpi"
    checksum: "sha256:f56772cee64bbe6d7444a2d8523edd28eab4df69fbb87fc36dbe04dafb0d26b0"
    filename: "workflow-api.jpi"
  - download_url: "https://updates.jenkins.io/download/plugins/workflow-basic-steps/1079.vce64b_a_929c5a_/workflow-basic-steps.hpi"
    checksum: "sha256:4a12c1de5895318f78af0b547f20405a79dee62ca05fc3dd6ce52c479c5d1182"
    filename: "workflow-basic-steps.jpi"
  - download_url: "https://updates.jenkins.io/download/plugins/workflow-cps-global-lib/615.vb_b_0664a_b_19f3/workflow-cps-global-lib.hpi"
    checksum: "sha256:725983289ac2f8a4df1b262b39d7506550df2b11d5c3104ea3b6bc09d6513a24"
    filename: "workflow-cps-global-lib.jpi"
  - download_url: "https://updates.jenkins.io/download/plugins/workflow-cps/4106.v7a_8a_8176d450/workflow-cps.hpi"
    checksum: "sha256:827733d216af52214b32a0f8e270232281fa90599cd22f6027cb56830e70c929"
    filename: "workflow-cps.jpi"
  - download_url: "https://updates.jenkins.io/download/plugins/workflow-durable-task-step/1405.v1fcd4a_d00096/workflow-durable-task-step.hpi"
    checksum: "sha256:82f1b7e2d5c863d0aa204011373b8dc0923bf2f64e3e751884d3ed19d463e275"
    filename: "workflow-durable-task-step.jpi"
  - download_url: "https://updates.jenkins.io/download/plugins/workflow-job/1520.v56d65e3b_4566/workflow-job.hpi"
    checksum: "sha256:349392a7dbd1dc3b668bb61f3f0b8f268b2ea30e29029af98341dac3317f8457"
    filename: "workflow-job.jpi"
  - download_url: "https://updates.jenkins.io/download/plugins/workflow-multibranch/806.vb_b_688f609ee9/workflow-multibranch.hpi"
    checksum: "sha256:647058cdd2fdcc28a539d8f3634e2568136d49dcbacc0a6773dfa39e0a0635be"
    filename: "workflow-multibranch.jpi"
  - download_url: "https://updates.jenkins.io/download/plugins/workflow-scm-step/437.v05a_f66b_e5ef8/workflow-scm-step.hpi"
    checksum: "sha256:72fe9cb99f48d0d1233b281285919959233b7b60fac62af33a1137325a235016"
    filename: "workflow-scm-step.jpi"
  - download_url: "https://updates.jenkins.io/download/plugins/workflow-step-api/700.v6e45cb_a_5a_a_21/workflow-step-api.hpi"
    checksum: "sha256:201e30f69706b98bfe80eaf24f0f735f3f5d7a1e0cd069243d15a3de22007e48"
    filename: "workflow-step-api.jpi"
  - download_url: "https://updates.jenkins.io/download/plugins/workflow-support/968.v8f17397e87b_8/workflow-support.hpi"
    checksum: "sha256:5f515bcd51f7ed69cf3d35c7eab4b6918888a8f881a41e3ff1e95c05be082444"
    filename: "workflow-support.jpi"
