---
metadata:
  version: "1.0"
artifacts:
  - download_url: "https://get.jenkins.io/war-stable/2.528.3/jenkins.war"
    checksum: "sha256:bfa31f1e3aacebb5bce3d5076c73df97bf0c0567eeb8d8738f54f6bac48abd74"
    filename: "jenkins.war"
  - download_url: "https://updates.jenkins.io/download/plugins/ant/520.vd082ecfb_16a_9/ant.hpi"
    checksum: "sha256:e30e1cbbd7eccc729ff94c7a569d39f9fe2bf8c904e08ab598cc10bf5a3c4c87"
    filename: "ant.hpi"
  - download_url: "https://updates.jenkins.io/download/plugins/antisamy-markup-formatter/173.v680e3a_b_69ff3/antisamy-markup-formatter.hpi"
    checksum: "sha256:29b4765797f26c44574a2732ddf9d7d98ea0283295352497dd9eef84aed0102f"
    filename: "antisamy-markup-formatter.hpi"
  - download_url: "https://updates.jenkins.io/download/plugins/apache-httpcomponents-client-4-api/4.5.14-269.vfa_2321039a_83/apache-httpcomponents-client-4-api.hpi"
    checksum: "sha256:cea2f61cc72890b962fd4b767c31778c6cb30015b4a8758b4c26b62e51ca9533"
    filename: "apache-httpcomponents-client-4-api.hpi"
  - download_url: "https://updates.jenkins.io/download/plugins/apache-httpcomponents-client-5-api/5.5-170.v023de017ccd7/apache-httpcomponents-client-5-api.hpi"
    checksum: "sha256:8c60a98c43a5ddeaf14945a50b72fc63a4e0ad61eb8594037ff684df74296523"
    filename: "apache-httpcomponents-client-5-api.hpi"
  - download_url: "https://updates.jenkins.io/download/plugins/asm-api/9.9-185.va_6c6b_3348b_c3/asm-api.hpi"
    checksum: "sha256:b3232967d8a2074d65b1f8edfee089a3e2fb0e402801cdff74df19e40dfcf3b3"
    filename: "asm-api.hpi"
  - download_url: "https://updates.jenkins.io/download/plugins/authentication-tokens/1.144.v5ff4a_5ec5c33/authentication-tokens.hpi"
    checksum: "sha256:8069074af688b102703410045a11394fb8d2f52c2cc2d7abd3067e3adff5fc24"
    filename: "authentication-tokens.hpi"
  - download_url: "https://updates.jenkins.io/download/plugins/blueocean-autofavorite/1.2.5/blueocean-autofavorite.hpi"
    checksum: "sha256:274679e99b23b03dc4203df76b34966cc317fbb6cb46149eeec88770c6999146"
    filename: "blueocean-autofavorite.hpi"
  - download_url: "https://updates.jenkins.io/download/plugins/blueocean-bitbucket-pipeline/1.27.25/blueocean-bitbucket-pipeline.hpi"
    checksum: "sha256:d198e781c542c96b52a7bfa965ea02cec396067b2d890842858bd1bf189d4678"
    filename: "blueocean-bitbucket-pipeline.hpi"
  - download_url: "https://updates.jenkins.io/download/plugins/blueocean-commons/1.27.25/blueocean-commons.hpi"
    checksum: "sha256:e66cc0ab74d9ebc2aa5220e6a1ca6ef36d1d4c03bfdaa9c0be6c664d4ed3b7e9"
    filename: "blueocean-commons.hpi"
  - download_url: "https://updates.jenkins.io/download/plugins/blueocean-config/1.27.25/blueocean-config.hpi"
    checksum: "sha256:8c7ec83b92bd90e2948c67b79ed2e35b06e2847d742eaba8c7fd69357c8a054c"
    filename: "blueocean-config.hpi"
  - download_url: "https://updates.jenkins.io/download/plugins/blueocean-core-js/1.27.25/blueocean-core-js.hpi"
    checksum: "sha256:e4f388ab5b685cf558fbc033f7194102db5d9146b6fe671ca844d60c17b35ba5"
    filename: "blueocean-core-js.hpi"
  - download_url: "https://updates.jenkins.io/download/plugins/blueocean-dashboard/1.27.25/blueocean-dashboard.hpi"
    checksum: "sha256:6e8505f527d02bfcea59d844c58179cc85b36642ae96ccfc76d2a7eb543bbc51"
    filename: "blueocean-dashboard.hpi"
  - download_url: "https://updates.jenkins.io/download/plugins/blueocean-display-url/2.4.4/blueocean-display-url.hpi"
    checksum: "sha256:02436c6cc8b35dd9a4f925a13b547bf163703233e7061703e428e98cd8e0d17a"
    filename: "blueocean-display-url.hpi"
  - download_url: "https://updates.jenkins.io/download/plugins/blueocean-events/1.27.25/blueocean-events.hpi"
    checksum: "sha256:c8eb3d91ef5eb1af7de1f3c938bb27daff41ffe32ade75e9f022edc66377a001"
    filename: "blueocean-events.hpi"
  - download_url: "https://updates.jenkins.io/download/plugins/blueocean-git-pipeline/1.27.25/blueocean-git-pipeline.hpi"
    checksum: "sha256:dfdb75b0e801973b7a7e11ce606a6bd18e490134051bfb83cc1e30f77e7c408d"
    filename: "blueocean-git-pipeline.hpi"
  - download_url: "https://updates.jenkins.io/download/plugins/blueocean-github-pipeline/1.27.25/blueocean-github-pipeline.hpi"
    checksum: "sha256:2129981b00b21166ac6b6a4664d400e81aba59937dcc8ff228629803015728f4"
    filename: "blueocean-github-pipeline.hpi"
  - download_url: "https://updates.jenkins.io/download/plugins/blueocean-i18n/1.27.25/blueocean-i18n.hpi"
    checksum: "sha256:56699ac00dacdb40957fbac662e21383d953966ef2989d3f520d7a0fd9d57437"
    filename: "blueocean-i18n.hpi"
  - download_url: "https://updates.jenkins.io/download/plugins/blueocean-jwt/1.27.25/blueocean-jwt.hpi"
    checksum: "sha256:9f2b46a171efce2675b7eda5b32413d3cc45411c90a8eea6b12420989b3a5e2c"
    filename: "blueocean-jwt.hpi"
  - download_url: "https://updates.jenkins.io/download/plugins/blueocean-personalization/1.27.25/blueocean-personalization.hpi"
    checksum: "sha256:0fee7dabaff8983b846e9caf2f1e4d9e65087d4db657a23bc986e48e7cb5d2cc"
    filename: "blueocean-personalization.hpi"
  - download_url: "https://updates.jenkins.io/download/plugins/blueocean-pipeline-api-impl/1.27.25/blueocean-pipeline-api-impl.hpi"
    checksum: "sha256:82cf4186ff4fef6868027a4689a05eb9521edab660e2d0868bc24a9b2e5d8b3d"
    filename: "blueocean-pipeline-api-impl.hpi"
  - download_url: "https://updates.jenkins.io/download/plugins/blueocean-pipeline-editor/1.27.25/blueocean-pipeline-editor.hpi"
    checksum: "sha256:40079bfd8bcb80b8fe4e4c2c62868de625498a53f760b611bb5b01e003c44e7b"
    filename: "blueocean-pipeline-editor.hpi"
  - download_url: "https://updates.jenkins.io/download/plugins/blueocean-pipeline-scm-api/1.27.25/blueocean-pipeline-scm-api.hpi"
    checksum: "sha256:389ed475d7a6234e6c313f203662fcd130a0b71d5b673851989cc22e60bed6d2"
    filename: "blueocean-pipeline-scm-api.hpi"
  - download_url: "https://updates.jenkins.io/download/plugins/blueocean-rest-impl/1.27.25/blueocean-rest-impl.hpi"
    checksum: "sha256:30854773298c2729fd971b62466057357bc1c5948dc6ee345b482dd73fecd042"
    filename: "blueocean-rest-impl.hpi"
  - download_url: "https://updates.jenkins.io/download/plugins/blueocean-rest/1.27.25/blueocean-rest.hpi"
    checksum: "sha256:ef4aaede18d1dcb75668307e902bd70f84ce7c995cc0b85113905eef6e60c63c"
    filename: "blueocean-rest.hpi"
  - download_url: "https://updates.jenkins.io/download/plugins/blueocean-web/1.27.25/blueocean-web.hpi"
    checksum: "sha256:5b9b892d7972e2265a320a0b85c238d66d2cc00ef453a87932e01840a8bf7003"
    filename: "blueocean-web.hpi"
  - download_url: "https://updates.jenkins.io/download/plugins/blueocean/1.27.25/blueocean.hpi"
    checksum: "sha256:bf8ec177bd59f02151a81cfa3c8b697f48d121d7f32ceef09c04eb02549d3290"
    filename: "blueocean.hpi"
  - download_url: "https://updates.jenkins.io/download/plugins/bootstrap5-api/5.3.8-895.v4d0d8e47fea_d/bootstrap5-api.hpi"
    checksum: "sha256:6b1ebd8dc1c4107a71e7f552faea6ff3501304df90a53076fb4c44b7b76179c7"
    filename: "bootstrap5-api.hpi"
  - download_url: "https://updates.jenkins.io/download/plugins/bouncycastle-api/2.30.1.82-277.v70ca_0b_877184/bouncycastle-api.hpi"
    checksum: "sha256:6642617242f539671c46502b008a2dae4f06fd39bd86fc1d4f8aa7850e70611f"
    filename: "bouncycastle-api.hpi"
  - download_url: "https://updates.jenkins.io/download/plugins/branch-api/2.1268.v044a_87612da_8/branch-api.hpi"
    checksum: "sha256:181f38531747b362bac4d5c265bfbfd344ddad914229d09c379936f1265d969c"
    filename: "branch-api.hpi"
  - download_url: "https://updates.jenkins.io/download/plugins/caffeine-api/3.2.3-194.v31a_b_f7a_b_5a_81/caffeine-api.hpi"
    checksum: "sha256:93e218637e99ab794efe666387195af0f12b1bd7bef35c7e40e91ec0cf6c43ef"
    filename: "caffeine-api.hpi"
  - download_url: "https://updates.jenkins.io/download/plugins/checks-api/373.vfe7645102093/checks-api.hpi"
    checksum: "sha256:0900dd6c71a7d09668188f5a507cc245314a105917ff418306b6f717bd276254"
    filename: "checks-api.hpi"
  - download_url: "https://updates.jenkins.io/download/plugins/cloudbees-bitbucket-branch-source/937.2.2/cloudbees-bitbucket-branch-source.hpi"
    checksum: "sha256:0890cc95e136a36867b5e46435c889c78fa317093df265044ff8b4cc18ccaf08"
    filename: "cloudbees-bitbucket-branch-source.hpi"
  - download_url: "https://updates.jenkins.io/download/plugins/cloudbees-folder/6.1053.vd62fb_b_f7367b_/cloudbees-folder.hpi"
    checksum: "sha256:9648dade7d53d04900427c4cdc9a44ef0e6b51839ae79ae59609c8782dd602aa"
    filename: "cloudbees-folder.hpi"
  - download_url: "https://updates.jenkins.io/download/plugins/command-launcher/123.v37cfdc92ef67/command-launcher.hpi"
    checksum: "sha256:79068415d65ad7f8fb639f9f5a78f3fa14607340e89e9c6a94004d44af06f9ab"
    filename: "command-launcher.hpi"
  - download_url: "https://updates.jenkins.io/download/plugins/commons-collections4-api/4.5.0-8.va_d5448ef9011/commons-collections4-api.hpi"
    checksum: "sha256:07ed1548a96c3c1235dc58698e939ac026470c04d0c00ba9a5320a7b96d35032"
    filename: "commons-collections4-api.hpi"
  - download_url: "https://updates.jenkins.io/download/plugins/commons-compress-api/1.28.0-2/commons-compress-api.hpi"
    checksum: "sha256:548b098f6964c0cd3f19f3610de56d02a07ce39d468482494e4307dcc0faacc5"
    filename: "commons-compress-api.hpi"
  - download_url: "https://updates.jenkins.io/download/plugins/commons-lang3-api/3.20.0-109.ve43756e2d2b_4/commons-lang3-api.hpi"
    checksum: "sha256:aa0908e0002c23c329df1f5e36d2ea9af6dfbd7c7f71fcf413cc471f335c2052"
    filename: "commons-lang3-api.hpi"
  - download_url: "https://updates.jenkins.io/download/plugins/commons-text-api/1.15.0-210.v7480a_da_70b_9e/commons-text-api.hpi"
    checksum: "sha256:70f6c3029644170960225a5f72469fd7a8242ee4e11b35dc85bd1d165d503a58"
    filename: "commons-text-api.hpi"
  - download_url: "https://updates.jenkins.io/download/plugins/conditional-buildstep/1.5.0/conditional-buildstep.hpi"
    checksum: "sha256:eb6cdd4191eb4405949c7b6c0289d90552f47f5e2dd4a41624769e91fb1f8b52"
    filename: "conditional-buildstep.hpi"
  - download_url: "https://updates.jenkins.io/download/plugins/config-file-provider/1006.vc7366c201f57/config-file-provider.hpi"
    checksum: "sha256:372e27216101e43e3085a2644d4739b9597e3be9d6275b4b892645827eb92e00"
    filename: "config-file-provider.hpi"
  - download_url: "https://updates.jenkins.io/download/plugins/configuration-as-code-groovy/1.1/configuration-as-code-groovy.hpi"
    checksum: "sha256:3c2ab4a45b3b0232243669c4400f31715285d5f5e20accd0f228d863fc43e866"
    filename: "configuration-as-code-groovy.hpi"
  - download_url: "https://updates.jenkins.io/download/plugins/configuration-as-code/2006.v001a_2ca_6b_574/configuration-as-code.hpi"
    checksum: "sha256:2efc60a016d0d33931a3544ba52ce0c151c3f765ad27d21cd61bfd657aa3cef8"
    filename: "configuration-as-code.hpi"
  - download_url: "https://updates.jenkins.io/download/plugins/credentials-binding/702.vfe613e537e88/credentials-binding.hpi"
    checksum: "sha256:809aa1ea5073f6d33eede07163be92a93102ab7592c31097c29c9054fefd8281"
    filename: "credentials-binding.hpi"
  - download_url: "https://updates.jenkins.io/download/plugins/credentials/1453.v9b_a_29777a_b_fd/credentials.hpi"
    checksum: "sha256:2e7e63300c1544ac28d804928f65b6dc948d330dc4f0611ae14b8c1a3b4f5cba"
    filename: "credentials.hpi"
  - download_url: "https://updates.jenkins.io/download/plugins/data-tables-api/2.3.5-1482.vb_47a_3c19f78c/data-tables-api.hpi"
    checksum: "sha256:9cec21bdb7ec6fba503946e483087d7af8513e83ac78abc1e5aaf1b17482bf79"
    filename: "data-tables-api.hpi"
  - download_url: "https://updates.jenkins.io/download/plugins/display-url-api/2.217.va_6b_de84cc74b_/display-url-api.hpi"
    checksum: "sha256:07eeaae738b451bade4756900b48561c6c493a42c7ba07a45b22a2dce71ac0ca"
    filename: "display-url-api.hpi"
  - download_url: "https://updates.jenkins.io/download/plugins/docker-commons/457.v0f62a_94f11a_3/docker-commons.hpi"
    checksum: "sha256:56c0ab231ed44ee50897421935d961385d90627479e86cc770f3abb0b4c3c09a"
    filename: "docker-commons.hpi"
  - download_url: "https://updates.jenkins.io/download/plugins/durable-task/639.vefb_3d8372f6d/durable-task.hpi"
    checksum: "sha256:2f165c8ac42bd58d58c2d5dbd4a6c08f639aa1b4eff30103961e618f2d181d66"
    filename: "durable-task.hpi"
  - download_url: "https://updates.jenkins.io/download/plugins/echarts-api/6.0.0-1165.vd1283a_3e37d4/echarts-api.hpi"
    checksum: "sha256:9ba462eb770da36074a56bd1bd195c59b0b50c9eb5920b4f29c008c0da24b4ee"
    filename: "echarts-api.hpi"
  - download_url: "https://updates.jenkins.io/download/plugins/eddsa-api/0.3.0.1-19.vc432d923e5ee/eddsa-api.hpi"
    checksum: "sha256:35c7decb2c08accb96a7a4d54cac7d0af6713c242192142dad56cec50949143a"
    filename: "eddsa-api.hpi"
  - download_url: "https://updates.jenkins.io/download/plugins/email-ext/1933.v45cec755423f/email-ext.hpi"
    checksum: "sha256:a27c46774a1e81473b810feef355d0f08c9cb21495eedea41ed26998a4c700c9"
    filename: "email-ext.hpi"
  - download_url: "https://updates.jenkins.io/download/plugins/favorite/2.253.v9b_413168133b_/favorite.hpi"
    checksum: "sha256:546a784fe9a188fe3fe3148dad4bb6e7d6bf67cfe1e71cae7a5c32d69bd86f86"
    filename: "favorite.hpi"
  - download_url: "https://updates.jenkins.io/download/plugins/font-awesome-api/7.1.0-882.v1dfb_771e3278/font-awesome-api.hpi"
    checksum: "sha256:7b22278c86c011567646344d8bdddfa4e032456d297b3b5c6a992c6ac6e3f6d6"
    filename: "font-awesome-api.hpi"
  - download_url: "https://updates.jenkins.io/download/plugins/git-client/6.4.1/git-client.hpi"
    checksum: "sha256:832cbc056e8b9d72c098a9959b6dfeaddc3c3e9e2172e7af518b19c159ca77b3"
    filename: "git-client.hpi"
  - download_url: "https://updates.jenkins.io/download/plugins/git-server/137.ve0060b_432302/git-server.hpi"
    checksum: "sha256:ce0a4e06a8773c52004d065c638a8e867f02f4ce4d5c41579aea397fd2288497"
    filename: "git-server.hpi"
  - download_url: "https://updates.jenkins.io/download/plugins/git/5.8.1/git.hpi"
    checksum: "sha256:2db5e8b7701f742f9c5feb7c7c33dba71c8a3ea7c7d346eabfd95495406084cc"
    filename: "git.hpi"
  - download_url: "https://updates.jenkins.io/download/plugins/github-api/1.330-492.v3941a_032db_2a_/github-api.hpi"
    checksum: "sha256:1f815342410006bbfc65adb4a027be91bfb4d7ea7460d59ac3278f67819261ba"
    filename: "github-api.hpi"
  - download_url: "https://updates.jenkins.io/download/plugins/github-branch-source/1917.v9ee8a_39b_3d0d/github-branch-source.hpi"
    checksum: "sha256:d2c08d547ddb38af2b39c8fa2e4fdee2b2d87cb1b310693c250100b75e6213d8"
    filename: "github-branch-source.hpi"
  - download_url: "https://updates.jenkins.io/download/plugins/github/1.45.0/github.hpi"
    checksum: "sha256:ac0b453a65c1ae2bc8bf1b4cc576944de1f378141e3019cd950841389e5fb026"
    filename: "github.hpi"
  - download_url: "https://updates.jenkins.io/download/plugins/google-oauth-plugin/1.335.ve6de40e2db_18/google-oauth-plugin.hpi"
    checksum: "sha256:2454ec345df6aa40ca484aad9461beb383cc52e73ac8a9c2c2acb0b583c234fd"
    filename: "google-oauth-plugin.hpi"
  - download_url: "https://updates.jenkins.io/download/plugins/groovy/497.v7b_061a_a_de65d/groovy.hpi"
    checksum: "sha256:087e6a291896b606878c41e3eac2018b787c8943c2c7dadd67b11d0e393fa03a"
    filename: "groovy.hpi"
  - download_url: "https://updates.jenkins.io/download/plugins/gson-api/2.13.2-173.va_a_092315913c/gson-api.hpi"
    checksum: "sha256:5a5f1559838750eac8951e4ad28fcad241c72c4c8430f1920b555bfac95065a7"
    filename: "gson-api.hpi"
  - download_url: "https://updates.jenkins.io/download/plugins/handy-uri-templates-2-api/2.1.8-38.vcea_5d521d5f3/handy-uri-templates-2-api.hpi"
    checksum: "sha256:2e5881410b0bca648fb78c890bfd8b83c46e4ff4c778235cb58e28b45d89b10e"
    filename: "handy-uri-templates-2-api.hpi"
  - download_url: "https://updates.jenkins.io/download/plugins/htmlpublisher/427/htmlpublisher.hpi"
    checksum: "sha256:f05418e9c400fa1a18e16247f56048ec3525ef43f3720ccbcc093de5f8c571bc"
    filename: "htmlpublisher.hpi"
  - download_url: "https://updates.jenkins.io/download/plugins/instance-identity/203.v15e81a_1b_7a_38/instance-identity.hpi"
    checksum: "sha256:df2b3205a6177248f12b294650a60405f65ba2cd503ca9599b2dcb72c1de5018"
    filename: "instance-identity.hpi"
  - download_url: "https://updates.jenkins.io/download/plugins/ionicons-api/94.vcc3065403257/ionicons-api.hpi"
    checksum: "sha256:95f3504375d628d887425ccdf32d5606a230261ee42dc683f13958d8e973ac3f"
    filename: "ionicons-api.hpi"
  - download_url: "https://updates.jenkins.io/download/plugins/jackson2-api/2.20.1-423.v13951f6b_6532/jackson2-api.hpi"
    checksum: "sha256:16f020e8272e94efaebc60c2f890d57d9d18803d8d168520081529eca37e2040"
    filename: "jackson2-api.hpi"
  - download_url: "https://updates.jenkins.io/download/plugins/jakarta-activation-api/2.1.4-1/jakarta-activation-api.hpi"
    checksum: "sha256:e62298341742f14b374045387ba641ad8a19376793c76bdafebb4a05b5099712"
    filename: "jakarta-activation-api.hpi"
  - download_url: "https://updates.jenkins.io/download/plugins/jakarta-mail-api/2.1.5-1/jakarta-mail-api.hpi"
    checksum: "sha256:244735ea85a51332c079d235a5713e70d3810bea62332894002acc39914ce11b"
    filename: "jakarta-mail-api.hpi"
  - download_url: "https://updates.jenkins.io/download/plugins/jakarta-xml-bind-api/4.0.6-10.v9b_7e1d1fc40b_/jakarta-xml-bind-api.hpi"
    checksum: "sha256:256626dbe31d7609a1a06fe8abb33e346de02ee2016d49d7983e5a823037604b"
    filename: "jakarta-xml-bind-api.hpi"
  - download_url: "https://updates.jenkins.io/download/plugins/javadoc/354.vee1a_660b_4990/javadoc.hpi"
    checksum: "sha256:6dc05352413f2529c97eb887ccb34dfa2c3c86e3d43feb3806f9a022acbdbb15"
    filename: "javadoc.hpi"
  - download_url: "https://updates.jenkins.io/download/plugins/javax-activation-api/1.2.0-8/javax-activation-api.hpi"
    checksum: "sha256:e96e88c52edf07ba00fb45b26cc411a7a95fa3d4491aaa1a5d36637665880560"
    filename: "javax-activation-api.hpi"
  - download_url: "https://updates.jenkins.io/download/plugins/javax-mail-api/1.6.2-11/javax-mail-api.hpi"
    checksum: "sha256:59db5e1d1bc70dee92f06fe1de4982b90a678c5ad775fa84c501120717015424"
    filename: "javax-mail-api.hpi"
  - download_url: "https://updates.jenkins.io/download/plugins/jaxb/2.3.9-133.vb_ec76a_73f706/jaxb.hpi"
    checksum: "sha256:62eddf7775e5b729841a9697625ccd1a5134e754cc476a0098b53b64e0591ee8"
    filename: "jaxb.hpi"
  - download_url: "https://updates.jenkins.io/download/plugins/jdk-tool/83.v417146707a_3d/jdk-tool.hpi"
    checksum: "sha256:3f056620342e1a9f97dff41e635970d98a1a33987ed9c9f6c39be7deea341b50"
    filename: "jdk-tool.hpi"
  - download_url: "https://updates.jenkins.io/download/plugins/jenkins-design-language/1.27.25/jenkins-design-language.hpi"
    checksum: "sha256:308cca5f312de3f24696ac542e3b1c55966f0b3e5d90b3821a90e4daa88220f3"
    filename: "jenkins-design-language.hpi"
  - download_url: "https://updates.jenkins.io/download/plugins/jersey2-api/2.47-165.ve7809a_3e87e0/jersey2-api.hpi"
    checksum: "sha256:9362e8eeb0b9f268051e4b4183a444d783b8d1ce9702023084009eb74b492907"
    filename: "jersey2-api.hpi"
  - download_url: "https://updates.jenkins.io/download/plugins/jira/3.20/jira.hpi"
    checksum: "sha256:0dcca8df8bbd9f435883413051cd1ff84f3bd1477e6c197fcdb6cc4a3c1a840f"
    filename: "jira.hpi"
  - download_url: "https://updates.jenkins.io/download/plugins/jjwt-api/0.11.5-120.v0268cf544b_89/jjwt-api.hpi"
    checksum: "sha256:c88bcbd7573ccb31ed9d819ee2611eb019d733a9d51cd1b70ad53a61aaf52489"
    filename: "jjwt-api.hpi"
  - download_url: "https://updates.jenkins.io/download/plugins/job-dsl/1.93/job-dsl.hpi"
    checksum: "sha256:44028e4bc5e30111a3ed9fe09f31778674ded72f103ea6b86ac32a875bc78827"
    filename: "job-dsl.hpi"
  - download_url: "https://updates.jenkins.io/download/plugins/joda-time-api/2.14.0-149.v1c3ce991d1b_9/joda-time-api.hpi"
    checksum: "sha256:c50b0214a5ca3d37197cc9270c71096df796d80322d8bffc5c5e6d6de3008a23"
    filename: "joda-time-api.hpi"
  - download_url: "https://updates.jenkins.io/download/plugins/jquery3-api/3.7.1-619.vdb_10e002501a_/jquery3-api.hpi"
    checksum: "sha256:92f36b5b605c37d1518e2bb2166eac729cb0a18e5a89a320e82d0691cdd76cab"
    filename: "jquery3-api.hpi"
  - download_url: "https://updates.jenkins.io/download/plugins/jsch/0.2.16-95.v3eecb_55fa_b_78/jsch.hpi"
    checksum: "sha256:2c61d204ed4d2c0ee3a208bfc3c68f52031d4942b9693cca1d0849db4cde0616"
    filename: "jsch.hpi"
  - download_url: "https://updates.jenkins.io/download/plugins/json-api/20250517-173.v596efb_962a_31/json-api.hpi"
    checksum: "sha256:3433c005b0ce9eeb2dc801425680e3a996f4d686aa6769e4cd3ada4400e9a472"
    filename: "json-api.hpi"
  - download_url: "https://updates.jenkins.io/download/plugins/json-path-api/2.10.0-202.va_9cc16c1e476/json-path-api.hpi"
    checksum: "sha256:6ed42e841b1ae827f9dd9982123de93a2e0211095471fa4a621fc2f4897c5fbf"
    filename: "json-path-api.hpi"
  - download_url: "https://updates.jenkins.io/download/plugins/jsoup/1.21.2-66.v6ea_38164b_8a_2/jsoup.hpi"
    checksum: "sha256:d9260ad69cd23c39bcc72ce174316c170ade0f0ac24588925e3f933e06244811"
    filename: "jsoup.hpi"
  - download_url: "https://updates.jenkins.io/download/plugins/junit/1369.v15da_00283f06/junit.hpi"
    checksum: "sha256:39742d23231b156ffd5b536187ebb7114c4ee9664fab32558e8284debd810afe"
    filename: "junit.hpi"
  - download_url: "https://updates.jenkins.io/download/plugins/kubernetes-client-api/7.3.1-256.v788a_0b_787114/kubernetes-client-api.hpi"
    checksum: "sha256:b2bc226e357f836ae46683014c8de5a081b54957f9877a31935b30bba058b774"
    filename: "kubernetes-client-api.hpi"
  - download_url: "https://updates.jenkins.io/download/plugins/kubernetes-credentials/206.vde31a_b_0f71a_c/kubernetes-credentials.hpi"
    checksum: "sha256:4b91d7d9d74740b1fc91e1a44ba8d8e432dd015e17d1da6b8968a70377d62a1b"
    filename: "kubernetes-credentials.hpi"
  - download_url: "https://updates.jenkins.io/download/plugins/kubernetes/4398.vb_b_33d9e7fe23/kubernetes.hpi"
    checksum: "sha256:8a5baa38af2a13288c636856a35458cdd18005d8a642f97e9294dbc270543cde"
    filename: "kubernetes.hpi"
  - download_url: "https://updates.jenkins.io/download/plugins/lockable-resources/1438.v3c0f8c9e2060/lockable-resources.hpi"
    checksum: "sha256:1878fce06c8577c5128d10a0ce616a8d2c21692052e7e6f8f97e6c4a1b89b36a"
    filename: "lockable-resources.hpi"
  - download_url: "https://updates.jenkins.io/download/plugins/mailer/525.v2458b_d8a_1a_71/mailer.hpi"
    checksum: "sha256:8692be8ca442957dcf3f689f7d413031fe374f2b2534daad8987419b292c66e1"
    filename: "mailer.hpi"
  - download_url: "https://updates.jenkins.io/download/plugins/mapdb-api/1.0.9-44.va_1e1310c9118/mapdb-api.hpi"
    checksum: "sha256:e9ef3c650728b9b8d391966281811a0e326b231167d8ef7e3761f7f985196baa"
    filename: "mapdb-api.hpi"
  - download_url: "https://updates.jenkins.io/download/plugins/matrix-auth/3.2.9/matrix-auth.hpi"
    checksum: "sha256:fcadfd9ee91edbf5647ac570a2e0fbf60b8213adbeb013a4289ea46a52c13523"
    filename: "matrix-auth.hpi"
  - download_url: "https://updates.jenkins.io/download/plugins/matrix-project/870.v9db_fcfc2f45b_/matrix-project.hpi"
    checksum: "sha256:01f0fc13195e7d9a0fd3ee2d22c1eae29774050c0178d05e91e87c7954e9e263"
    filename: "matrix-project.hpi"
  - download_url: "https://updates.jenkins.io/download/plugins/maven-plugin/3.27/maven-plugin.hpi"
    checksum: "sha256:64d69f74ad1b19ebf6d34890c3377570c3a22db4ffcc73470f4570b2945505fe"
    filename: "maven-plugin.hpi"
  - download_url: "https://updates.jenkins.io/download/plugins/mercurial/1323.ve69d2a_db_8a_b_d/mercurial.hpi"
    checksum: "sha256:febf9213ee1363e65adcb4a975c853878b9cc74f9c088155c680e18635bbb890"
    filename: "mercurial.hpi"
  - download_url: "https://updates.jenkins.io/download/plugins/metrics/4.2.37-489.vb_6db_69b_ce753/metrics.hpi"
    checksum: "sha256:bffa6da8db3903228cce7ca1f82f9d5c940576080dc1fcad82a9d845d5be0645"
    filename: "metrics.hpi"
  - download_url: "https://updates.jenkins.io/download/plugins/mina-sshd-api-common/2.16.0-167.va_269f38cc024/mina-sshd-api-common.hpi"
    checksum: "sha256:89a212ff6b4150327a0a06e95a2e85c0b5d00d44ce65800d7d0a5b223d67bddd"
    filename: "mina-sshd-api-common.hpi"
  - download_url: "https://updates.jenkins.io/download/plugins/mina-sshd-api-core/2.16.0-167.va_269f38cc024/mina-sshd-api-core.hpi"
    checksum: "sha256:720375c6ca20afb8b9afe394b8222e98940d258314b7eefdb4dc4fda3995a7d8"
    filename: "mina-sshd-api-core.hpi"
  - download_url: "https://updates.jenkins.io/download/plugins/oauth-credentials/0.657.v7d8dd90b_0382/oauth-credentials.hpi"
    checksum: "sha256:eefaaa0e296e07c3132f3971cc9a2fc065c0b17440f578cbed5464ff3e860dbd"
    filename: "oauth-credentials.hpi"
  - download_url: "https://updates.jenkins.io/download/plugins/okhttp-api/4.12.0-195.vc02552c04ffd/okhttp-api.hpi"
    checksum: "sha256:ad46368282ce882967edde6c69c636b2e368dbdb90a68254f4c349d5989a5097"
    filename: "okhttp-api.hpi"
  - download_url: "https://updates.jenkins.io/download/plugins/openshift-client/1.1.0.437.v08c5053d5fe2/openshift-client.hpi"
    checksum: "sha256:8a93bf2d8ef317f11ef7d2c5f3f92a3f1e43e4024c55add46d50250f7817e596"
    filename: "openshift-client.hpi"
  - download_url: "https://updates.jenkins.io/download/plugins/openshift-login/1.1.0.263.v2e0ddecf8b_25/openshift-login.hpi"
    checksum: "sha256:f86ab0238850906d3c04752b8950f8f5e1a2bc73bcd8aabbc870cc7ee6dfb06a"
    filename: "openshift-login.hpi"
  - download_url: "https://updates.jenkins.io/download/plugins/openshift-sync/1.1.0.825.v30618768da_42/openshift-sync.hpi"
    checksum: "sha256:1e8cc6a47525707ac35c8d75a2cd8fefe7ed902d080ba2c8ea76bd6406fcc0d7"
    filename: "openshift-sync.hpi"
  - download_url: "https://updates.jenkins.io/download/plugins/oss-symbols-api/424.ved751e062911/oss-symbols-api.hpi"
    checksum: "sha256:4ee539dfa7a5d2c2f7b68bc5a1e0116127b49d1e4516a4148d3ca4baedd566bc"
    filename: "oss-symbols-api.hpi"
  - download_url: "https://updates.jenkins.io/download/plugins/pam-auth/1.12/pam-auth.hpi"
    checksum: "sha256:e10f65e933b551e93f240d5bc34076cd081db9266b18661d4862ffd6c9660e85"
    filename: "pam-auth.hpi"
  - download_url: "https://updates.jenkins.io/download/plugins/parameterized-trigger/873.v8b_e37dd8418f/parameterized-trigger.hpi"
    checksum: "sha256:cc8569c680abb3a4902b651f2ac083c0fc9421b577cc9a18e36fe6ed1effdb64"
    filename: "parameterized-trigger.hpi"
  - download_url: "https://updates.jenkins.io/download/plugins/pipeline-build-step/571.v08a_fffd4b_0ce/pipeline-build-step.hpi"
    checksum: "sha256:17cd42b4a609d3a964f92318d0c9e5e4bde700580cd90a6d7fefd16a5b2a3f79"
    filename: "pipeline-build-step.hpi"
  - download_url: "https://updates.jenkins.io/download/plugins/pipeline-graph-analysis/245.v88f03631a_b_21/pipeline-graph-analysis.hpi"
    checksum: "sha256:6437dd00660f28a6649f90ba5d54fddb2a778cbf63784f21b6d1fefab7d8e0c8"
    filename: "pipeline-graph-analysis.hpi"
  - download_url: "https://updates.jenkins.io/download/plugins/pipeline-groovy-lib/787.ve2fef0efdca_6/pipeline-groovy-lib.hpi"
    checksum: "sha256:b166264e0bf9badf21a5ed8bb1d1e37d29856506ad419c8d9be215c5c99c6395"
    filename: "pipeline-groovy-lib.hpi"
  - download_url: "https://updates.jenkins.io/download/plugins/pipeline-input-step/540.v14b_100d754dd/pipeline-input-step.hpi"
    checksum: "sha256:3476f0cfc8219f6c76aa291be233a3468503024ffedd770091fcc1101dd1f357"
    filename: "pipeline-input-step.hpi"
  - download_url: "https://updates.jenkins.io/download/plugins/pipeline-milestone-step/138.v78ca_76831a_43/pipeline-milestone-step.hpi"
    checksum: "sha256:074f7fb37a62522df1038cf43643e86d185bdca4352385e678799af4db5bc4d1"
    filename: "pipeline-milestone-step.hpi"
  - download_url: "https://updates.jenkins.io/download/plugins/pipeline-model-api/2.2277.v00573e73ddf1/pipeline-model-api.hpi"
    checksum: "sha256:afedbcf3536526ff38eb640f72d27d8e828b50e61ed2d44db6602f85cdbab054"
    filename: "pipeline-model-api.hpi"
  - download_url: "https://updates.jenkins.io/download/plugins/pipeline-model-definition/2.2277.v00573e73ddf1/pipeline-model-definition.hpi"
    checksum: "sha256:14ee188730c4d4ba83259af61f585036d5c34ed0b9dba46d3012be980f3512c2"
    filename: "pipeline-model-definition.hpi"
  - download_url: "https://updates.jenkins.io/download/plugins/pipeline-model-extensions/2.2277.v00573e73ddf1/pipeline-model-extensions.hpi"
    checksum: "sha256:48313d88c6d403221cca9ee6e4b22b7caa2260cbb30ae1a132152fdf86b6d1d2"
    filename: "pipeline-model-extensions.hpi"
  - download_url: "https://updates.jenkins.io/download/plugins/pipeline-rest-api/2.38/pipeline-rest-api.hpi"
    checksum: "sha256:432602c5c8d8e3fa19098fe6aa10e4cfef1c2ea3c109dc1d423083ae9fb3f432"
    filename: "pipeline-rest-api.hpi"
  - download_url: "https://updates.jenkins.io/download/plugins/pipeline-stage-step/322.vecffa_99f371c/pipeline-stage-step.hpi"
    checksum: "sha256:e4ed6438ff6073156bc4269d362129b34099a0da7f2abb279b2e39e7dc0a75ca"
    filename: "pipeline-stage-step.hpi"
  - download_url: "https://updates.jenkins.io/download/plugins/pipeline-stage-tags-metadata/2.2277.v00573e73ddf1/pipeline-stage-tags-metadata.hpi"
    checksum: "sha256:b65cb5acb5e7f15c01c26779ee01585bfdc2d2ef2e86c38eb6612bbe76482a66"
    filename: "pipeline-stage-tags-metadata.hpi"
  - download_url: "https://updates.jenkins.io/download/plugins/pipeline-stage-view/2.38/pipeline-stage-view.hpi"
    checksum: "sha256:af07e4dfb4f5be8a2338d7a06dff3829bf558518f7c39aeea3156642a0a33019"
    filename: "pipeline-stage-view.hpi"
  - download_url: "https://updates.jenkins.io/download/plugins/pipeline-utility-steps/2.20.0/pipeline-utility-steps.hpi"
    checksum: "sha256:738bf7591f00b41f69f0643e0c838978a1a779c4341fc755993d897f212e3936"
    filename: "pipeline-utility-steps.hpi"
  - download_url: "https://updates.jenkins.io/download/plugins/plain-credentials/199.v9f8e1f741799/plain-credentials.hpi"
    checksum: "sha256:b5e5e35cf93ad3b818a983916cbcdf3f7866699410a4df923e6a2968ecc3a448"
    filename: "plain-credentials.hpi"
  - download_url: "https://updates.jenkins.io/download/plugins/plugin-util-api/6.1192.v30fe6e2837ff/plugin-util-api.hpi"
    checksum: "sha256:d0e687857a78a77d6e023844d5d4f06c3df37512a176cf4f646f0aea3a498e7e"
    filename: "plugin-util-api.hpi"
  - download_url: "https://updates.jenkins.io/download/plugins/prism-api/1.30.0-630.va_e19d17f83b_0/prism-api.hpi"
    checksum: "sha256:65349707e589aeac1586d8f99379f256af317694316eb68ec88d439db6e80350"
    filename: "prism-api.hpi"
  - download_url: "https://updates.jenkins.io/download/plugins/prometheus/819.v50953a_c560dd/prometheus.hpi"
    checksum: "sha256:63abf82af3a99044827d1443ebbc89dfd0f944b843d7c73c3fe9b54fd4702ba8"
    filename: "prometheus.hpi"
  - download_url: "https://updates.jenkins.io/download/plugins/pubsub-light/1.19/pubsub-light.hpi"
    checksum: "sha256:c06fa0da18d5586fe934fa30f84a7f96f23297c491fce3dfcf7326adfbc04d0d"
    filename: "pubsub-light.hpi"
  - download_url: "https://updates.jenkins.io/download/plugins/run-condition/243.v3c3f94e46a_8b_/run-condition.hpi"
    checksum: "sha256:1ec8909eccc7c698858e6918660ddc0fcfc530391417d249b36409cf1abbf6e3"
    filename: "run-condition.hpi"
  - download_url: "https://updates.jenkins.io/download/plugins/scm-api/724.v7d839074eb_5c/scm-api.hpi"
    checksum: "sha256:1d03335678ef8a5958a68b93dbd059218dd4add3984702c8f03a99b71d8a98f9"
    filename: "scm-api.hpi"
  - download_url: "https://updates.jenkins.io/download/plugins/script-security/1385.v7d2d9ec4d909/script-security.hpi"
    checksum: "sha256:899bf855cff9c511fec890ba666e24942be2f08820efba9214f3d5b874ecf9b0"
    filename: "script-security.hpi"
  - download_url: "https://updates.jenkins.io/download/plugins/snakeyaml-api/2.5-143.v93b_c004f89de/snakeyaml-api.hpi"
    checksum: "sha256:0bbd23ac4b65fe5566544a2c750a9b3801310bb475c4562290eec106065e734a"
    filename: "snakeyaml-api.hpi"
  - download_url: "https://updates.jenkins.io/download/plugins/sse-gateway/1.28/sse-gateway.hpi"
    checksum: "sha256:3ce1f9e6df199d090e1ab5030672b26e6a1dbee52f352400271a71066036ad13"
    filename: "sse-gateway.hpi"
  - download_url: "https://updates.jenkins.io/download/plugins/ssh-credentials/361.vb_f6760818e8c/ssh-credentials.hpi"
    checksum: "sha256:1e80c754fffde097e0bb1ac436c44e377aca281eb1133a22deca05dd8453345a"
    filename: "ssh-credentials.hpi"
  - download_url: "https://updates.jenkins.io/download/plugins/sshd/3.374.v19b_d59ce6610/sshd.hpi"
    checksum: "sha256:73dcc448fde263b90798e778ebefd1f06232ce6dc7db4d9f7e601cd933e8a047"
    filename: "sshd.hpi"
  - download_url: "https://updates.jenkins.io/download/plugins/structs/362.va_b_695ef4fdf9/structs.hpi"
    checksum: "sha256:a0a5db44f2cb082a9ec6572c088340521f033fff8c351fc7eba9ef7f07dbbf8d"
    filename: "structs.hpi"
  - download_url: "https://updates.jenkins.io/download/plugins/subversion/1292.ve8cf25770ee3/subversion.hpi"
    checksum: "sha256:30c421353f32e64ccda402c2cfb2ce6e8736374c4979528343aabdf7375b1a9d"
    filename: "subversion.hpi"
  - download_url: "https://updates.jenkins.io/download/plugins/token-macro/477.vd4f0dc3cb_cf1/token-macro.hpi"
    checksum: "sha256:ef98e47b467571e7968925ace1c40d1103baefe230f5d4cf44250769b7b6b42b"
    filename: "token-macro.hpi"
  - download_url: "https://updates.jenkins.io/download/plugins/trilead-api/2.284.v1974ea_324382/trilead-api.hpi"
    checksum: "sha256:804d2ba841f2c6d5cfca354451e47d409c4d3a71be1bba74df550abd2810dfed"
    filename: "trilead-api.hpi"
  - download_url: "https://updates.jenkins.io/download/plugins/variant/70.va_d9f17f859e0/variant.hpi"
    checksum: "sha256:12e214ea694469a4461b55881ecb4074ae5dfb04797dbc0dad390f6f4bc75aaf"
    filename: "variant.hpi"
  - download_url: "https://updates.jenkins.io/download/plugins/workflow-api/1384.vdc05a_48f535f/workflow-api.hpi"
    checksum: "sha256:d287875b797c0a05a99cc14732c0cb80b395306923789c24ac5640e8fe870e82"
    filename: "workflow-api.hpi"
  - download_url: "https://updates.jenkins.io/download/plugins/workflow-basic-steps/1098.v808b_fd7f8cf4/workflow-basic-steps.hpi"
    checksum: "sha256:93449eb494658d065d097e8c54f707c98c9ce3e54da2fb98281b0a0487154eaf"
    filename: "workflow-basic-steps.hpi"
  - download_url: "https://updates.jenkins.io/download/plugins/workflow-cps-global-lib/615.vb_b_0664a_b_19f3/workflow-cps-global-lib.hpi"
    checksum: "sha256:725983289ac2f8a4df1b262b39d7506550df2b11d5c3104ea3b6bc09d6513a24"
    filename: "workflow-cps-global-lib.hpi"
  - download_url: "https://updates.jenkins.io/download/plugins/workflow-cps/4238.va_6fb_65c1f699/workflow-cps.hpi"
    checksum: "sha256:565ca20a1356a6db8f710cf4873a5fa65fa28c3d56dc767b085b04f57458de49"
    filename: "workflow-cps.hpi"
  - download_url: "https://updates.jenkins.io/download/plugins/workflow-durable-task-step/1464.v2d3f5c68f84c/workflow-durable-task-step.hpi"
    checksum: "sha256:002a2bc349f365120474fefb8abdf0cf8edcf377751202fde7be65108287e721"
    filename: "workflow-durable-task-step.hpi"
  - download_url: "https://updates.jenkins.io/download/plugins/workflow-job/1559.va_a_533730b_ea_d/workflow-job.hpi"
    checksum: "sha256:514326008357b11e4c91e6cf898d442b4c67433514ba9918cee07c703a5fea26"
    filename: "workflow-job.hpi"
  - download_url: "https://updates.jenkins.io/download/plugins/workflow-multibranch/821.vc3b_4ea_780798/workflow-multibranch.hpi"
    checksum: "sha256:f0a9857e0b07c52cc54e427b6edca274612e111cab9416d2e3c3d76a83f00cfd"
    filename: "workflow-multibranch.hpi"
  - download_url: "https://updates.jenkins.io/download/plugins/workflow-scm-step/466.va_d69e602552b_/workflow-scm-step.hpi"
    checksum: "sha256:8f35b68153ee8a671d01dcdc3d86dd47837bd2d5fcf9df8d674ff8aeecfba16a"
    filename: "workflow-scm-step.hpi"
  - download_url: "https://updates.jenkins.io/download/plugins/workflow-step-api/710.v3e456cc85233/workflow-step-api.hpi"
    checksum: "sha256:eb514e15bfe6cfb97f75350cfbbbf2b0975cc19fd5509cac965d36cacd38e8a8"
    filename: "workflow-step-api.hpi"
  - download_url: "https://updates.jenkins.io/download/plugins/workflow-support/1010.vb_b_39488a_9841/workflow-support.hpi"
    checksum: "sha256:266ccd59407ecb5585b7c4312c981cf7dc55d1e33daec1286fde13549bb6c267"
    filename: "workflow-support.hpi"
