---
metadata:
  version: "1.0"
artifacts:
  - download_url: "https://get.jenkins.io/war-stable/2.479.3/jenkins.war"
    checksum: "sha256:304c8592860d5b03dec27c96b5e89ec58fc744f78161c53f7a344a0bf7ce9203"
    filename: "jenkins.war"
  - download_url: "https://updates.jenkins.io/download/plugins/ant/511.v0a_a_1a_334f41b_/ant.hpi"
    checksum: "sha256:3700c1156f218a316048421cbd229389320dc69e004d893e5a8c3aaffd045431"
    filename: "ant.jpi"
  - download_url: "https://updates.jenkins.io/download/plugins/antisamy-markup-formatter/162.v0e6ec0fcfcf6/antisamy-markup-formatter.hpi"
    checksum: "sha256:3d4144a78b14ccc4a8f370ccea82c93bd56fadd900b2db4ebf7f77ce2979efd6"
    filename: "antisamy-markup-formatter.jpi"
  - download_url: "https://updates.jenkins.io/download/plugins/apache-httpcomponents-client-4-api/4.5.14-208.v438351942757/apache-httpcomponents-client-4-api.hpi"
    checksum: "sha256:9ed0ccda20a0ea11e2ba5be299f03b30692dd5a2f9fdc7853714507fda8acd0f"
    filename: "apache-httpcomponents-client-4-api.jpi"
  - download_url: "https://updates.jenkins.io/download/plugins/asm-api/9.7.1-97.v4cc844130d97/asm-api.hpi"
    checksum: "sha256:7f26c33883ea995b90a6e5c0f60cd1b4af0f863380ea42f7da4518960e04c393"
    filename: "asm-api.jpi"
  - download_url: "https://updates.jenkins.io/download/plugins/authentication-tokens/1.119.v50285141b_7e1/authentication-tokens.hpi"
    checksum: "sha256:684940806687a6dd9a7932d45d806d5c355c1c35bd725a74d04010cff229d39d"
    filename: "authentication-tokens.jpi"
  - download_url: "https://updates.jenkins.io/download/plugins/blueocean-autofavorite/1.2.5/blueocean-autofavorite.hpi"
    checksum: "sha256:274679e99b23b03dc4203df76b34966cc317fbb6cb46149eeec88770c6999146"
    filename: "blueocean-autofavorite.jpi"
  - download_url: "https://updates.jenkins.io/download/plugins/blueocean-bitbucket-pipeline/1.27.16/blueocean-bitbucket-pipeline.hpi"
    checksum: "sha256:e381bbd820b4d9cf4b1402635c014dcfad72c926a59f5197aafa8f1c293ad6d9"
    filename: "blueocean-bitbucket-pipeline.jpi"
  - download_url: "https://updates.jenkins.io/download/plugins/blueocean-commons/1.27.16/blueocean-commons.hpi"
    checksum: "sha256:87423be995d6c1e5f1f213cd871aa9ffda9ea047f77c365c298ce6249a6a1ece"
    filename: "blueocean-commons.jpi"
  - download_url: "https://updates.jenkins.io/download/plugins/blueocean-config/1.27.16/blueocean-config.hpi"
    checksum: "sha256:8270628428ac68f2b223280eaabb3739f19fa98a27c5e7b765a2db6298ef9d97"
    filename: "blueocean-config.jpi"
  - download_url: "https://updates.jenkins.io/download/plugins/blueocean-core-js/1.27.16/blueocean-core-js.hpi"
    checksum: "sha256:fd4bc5b219bbd35d420b09df295990155d4296384b7e299abdb90a736c1b946f"
    filename: "blueocean-core-js.jpi"
  - download_url: "https://updates.jenkins.io/download/plugins/blueocean-dashboard/1.27.16/blueocean-dashboard.hpi"
    checksum: "sha256:32d6046476621f4645fdabdfb7a5f454dba5fc7f694daf6aa645c7799531276b"
    filename: "blueocean-dashboard.jpi"
  - download_url: "https://updates.jenkins.io/download/plugins/blueocean-display-url/2.4.3/blueocean-display-url.hpi"
    checksum: "sha256:b011ac2fba0060ca5fd32e83287df216d6801d5df22ba96d25467c421c233c1b"
    filename: "blueocean-display-url.jpi"
  - download_url: "https://updates.jenkins.io/download/plugins/blueocean-events/1.27.16/blueocean-events.hpi"
    checksum: "sha256:72b44195c43b515125590ba198d0645d338aef603dc2ed835dab7826f31dbfa5"
    filename: "blueocean-events.jpi"
  - download_url: "https://updates.jenkins.io/download/plugins/blueocean-git-pipeline/1.27.16/blueocean-git-pipeline.hpi"
    checksum: "sha256:3840332ebd41d92a37cb300406112bc0ad1f88014b4ad194ea41eadb7336ae01"
    filename: "blueocean-git-pipeline.jpi"
  - download_url: "https://updates.jenkins.io/download/plugins/blueocean-github-pipeline/1.27.16/blueocean-github-pipeline.hpi"
    checksum: "sha256:472f3a6a34047175e9a28d00a52054a2b5a5d8a7f0aa9df68a78d82643e7981f"
    filename: "blueocean-github-pipeline.jpi"
  - download_url: "https://updates.jenkins.io/download/plugins/blueocean-i18n/1.27.16/blueocean-i18n.hpi"
    checksum: "sha256:6bfd533fe46b1f43945e395b891e1d82259aba869c07aa6b317493f1e52de506"
    filename: "blueocean-i18n.jpi"
  - download_url: "https://updates.jenkins.io/download/plugins/blueocean-jwt/1.27.16/blueocean-jwt.hpi"
    checksum: "sha256:7bbd786d0f60b9a93ba67c2b71f05adf46f2345dcc944ce5b8af40052b2f146d"
    filename: "blueocean-jwt.jpi"
  - download_url: "https://updates.jenkins.io/download/plugins/blueocean-personalization/1.27.16/blueocean-personalization.hpi"
    checksum: "sha256:25e230d6281bfb7f0135faf98fd42c0b86b804b015ffd5fdc0eeecaa1305d211"
    filename: "blueocean-personalization.jpi"
  - download_url: "https://updates.jenkins.io/download/plugins/blueocean-pipeline-api-impl/1.27.16/blueocean-pipeline-api-impl.hpi"
    checksum: "sha256:bfefb0e67c9a15c413038f8ffdba9d585df499873d1e4a93835db8f51a6af3c2"
    filename: "blueocean-pipeline-api-impl.jpi"
  - download_url: "https://updates.jenkins.io/download/plugins/blueocean-pipeline-editor/1.27.16/blueocean-pipeline-editor.hpi"
    checksum: "sha256:0c6ead53fd016162d63fbc85b21ad772cbacc25bd78d42d5abf1eba6472c308a"
    filename: "blueocean-pipeline-editor.jpi"
  - download_url: "https://updates.jenkins.io/download/plugins/blueocean-pipeline-scm-api/1.27.16/blueocean-pipeline-scm-api.hpi"
    checksum: "sha256:df805ebc306b42061220ef3dde37e027cfc06fb336d5ed28f3274e8885396806"
    filename: "blueocean-pipeline-scm-api.jpi"
  - download_url: "https://updates.jenkins.io/download/plugins/blueocean-rest-impl/1.27.16/blueocean-rest-impl.hpi"
    checksum: "sha256:cfb9b7b5ecf0f16713fa33c5164272e9d12d0f569bd830b1af97e32ccf9752b4"
    filename: "blueocean-rest-impl.jpi"
  - download_url: "https://updates.jenkins.io/download/plugins/blueocean-rest/1.27.16/blueocean-rest.hpi"
    checksum: "sha256:a0faf9f3232566c5291e9d95b5c3137297612104b80f09dde64f2946bb1b50ba"
    filename: "blueocean-rest.jpi"
  - download_url: "https://updates.jenkins.io/download/plugins/blueocean-web/1.27.16/blueocean-web.hpi"
    checksum: "sha256:b80ecca19d915b5903bc09f502e8fcd43fdabf964412da9283d649c281587611"
    filename: "blueocean-web.jpi"
  - download_url: "https://updates.jenkins.io/download/plugins/blueocean/1.27.16/blueocean.hpi"
    checksum: "sha256:eb7d7dc3a01dfc67805bce43f4ec440a8e5b2bb7fa62a119d87940b30239137f"
    filename: "blueocean.jpi"
  - download_url: "https://updates.jenkins.io/download/plugins/bootstrap5-api/5.3.3-1/bootstrap5-api.hpi"
    checksum: "sha256:e0d0f7c92dae2f7977c28ceb6a5b2562b7012d1704888bff3bc176abda0cb269"
    filename: "bootstrap5-api.jpi"
  - download_url: "https://updates.jenkins.io/download/plugins/bouncycastle-api/2.30.1.80-256.vf98926042a_9b_/bouncycastle-api.hpi"
    checksum: "sha256:164ba1481c6efc98f28e1242977a83c251fdbc98efadf542affd40b5e0738e7b"
    filename: "bouncycastle-api.jpi"
  - download_url: "https://updates.jenkins.io/download/plugins/branch-api/2.1208.vf528356feca_4/branch-api.hpi"
    checksum: "sha256:a28044c5041fa9dc4af77e1c2acd2c55eba4c2b5f4190f6ffa71c1ed8f6af0c3"
    filename: "branch-api.jpi"
  - download_url: "https://updates.jenkins.io/download/plugins/caffeine-api/3.1.8-133.v17b_1ff2e0599/caffeine-api.hpi"
    checksum: "sha256:a6c614655bc507345bf16b5c4615bb09b1a20f934c9bf0b15c02ccea4a5c0400"
    filename: "caffeine-api.jpi"
  - download_url: "https://updates.jenkins.io/download/plugins/checks-api/2.2.1/checks-api.hpi"
    checksum: "sha256:2dc1e51c86e4b16c17e66a45d94ced9d0ee4a0b247df77a4a796bd3c93471b98"
    filename: "checks-api.jpi"
  - download_url: "https://updates.jenkins.io/download/plugins/cloudbees-bitbucket-branch-source/934.3.2/cloudbees-bitbucket-branch-source.hpi"
    checksum: "sha256:c7ea6aa332844bbaa5f9041574cfbef132cab6a55529cc98f4b6ffe9588de10f"
    filename: "cloudbees-bitbucket-branch-source.jpi"
  - download_url: "https://updates.jenkins.io/download/plugins/cloudbees-folder/6.980.v5a_cc0cb_25881/cloudbees-folder.hpi"
    checksum: "sha256:5d4a027db92ac8b7a1e30be2ff2b8c36ece84f65c87f78b1e55c627032924760"
    filename: "cloudbees-folder.jpi"
  - download_url: "https://updates.jenkins.io/download/plugins/command-launcher/118.v72741845c17a_/command-launcher.hpi"
    checksum: "sha256:421e6a0afe1f2e8283343af60ac51843b7b2508aeeff9af0e9d6a34b6307eafa"
    filename: "command-launcher.jpi"
  - download_url: "https://updates.jenkins.io/download/plugins/commons-compress-api/1.26.1-2/commons-compress-api.hpi"
    checksum: "sha256:2a1579c2a952009f241b5cf5c854093c5dd86971b80fc78d19d07697cc00fd17"
    filename: "commons-compress-api.jpi"
  - download_url: "https://updates.jenkins.io/download/plugins/commons-lang3-api/3.17.0-84.vb_b_938040b_078/commons-lang3-api.hpi"
    checksum: "sha256:90b15521b21ad1462b18a6f8894ff1a2c1080c5d398ca8bb928c062c992c3fc4"
    filename: "commons-lang3-api.jpi"
  - download_url: "https://updates.jenkins.io/download/plugins/commons-text-api/1.13.0-153.v91dcd89e2a_22/commons-text-api.hpi"
    checksum: "sha256:90806f02ee4b06bf49d1a113d64a0c5da56a50d1eabd47853538a5dd9f0c94c2"
    filename: "commons-text-api.jpi"
  - download_url: "https://updates.jenkins.io/download/plugins/conditional-buildstep/1.5.0/conditional-buildstep.hpi"
    checksum: "sha256:eb6cdd4191eb4405949c7b6c0289d90552f47f5e2dd4a41624769e91fb1f8b52"
    filename: "conditional-buildstep.jpi"
  - download_url: "https://updates.jenkins.io/download/plugins/config-file-provider/982.vb_a_e458a_37021/config-file-provider.hpi"
    checksum: "sha256:97d2a01c8403553b9619b346a635cb4d3ec3d8a423226c5054e16420115feb55"
    filename: "config-file-provider.jpi"
  - download_url: "https://updates.jenkins.io/download/plugins/configuration-as-code-groovy/1.1/configuration-as-code-groovy.hpi"
    checksum: "sha256:3c2ab4a45b3b0232243669c4400f31715285d5f5e20accd0f228d863fc43e866"
    filename: "configuration-as-code-groovy.jpi"
  - download_url: "https://updates.jenkins.io/download/plugins/configuration-as-code/1915.vcdd0a_d0d2625/configuration-as-code.hpi"
    checksum: "sha256:f5d469a317125ba5e6fda3cadc466085ac9bbe0ca715bb093f416c86838642b3"
    filename: "configuration-as-code.jpi"
  - download_url: "https://updates.jenkins.io/download/plugins/credentials-binding/687.v619cb_15e923f/credentials-binding.hpi"
    checksum: "sha256:3a589c067bfc21e3792f2f60efa63a5a46ceedcb13af2b1ad4b1f631e4f37d0d"
    filename: "credentials-binding.jpi"
  - download_url: "https://updates.jenkins.io/download/plugins/credentials/1405.vb_cda_74a_f8974/credentials.hpi"
    checksum: "sha256:faaf55e8735973b835b2d45385c8ed85980f1d139832a73432652a714d16c7e1"
    filename: "credentials.jpi"
  - download_url: "https://updates.jenkins.io/download/plugins/data-tables-api/2.1.8-1/data-tables-api.hpi"
    checksum: "sha256:799d733d41e9f0cf80b9e0a34cc11180f000e01c8a03c4fe2b74c38da1e205e2"
    filename: "data-tables-api.jpi"
  - download_url: "https://updates.jenkins.io/download/plugins/display-url-api/2.209.v582ed814ff2f/display-url-api.hpi"
    checksum: "sha256:413075f95bb93769708a5d4d660ca454f10005f10af26f5213f788e9750e6825"
    filename: "display-url-api.jpi"
  - download_url: "https://updates.jenkins.io/download/plugins/docker-commons/445.v6b_646c962a_94/docker-commons.hpi"
    checksum: "sha256:a7dc5d549ef0c53ff41f4db4871eadb3ab6f0bdb46c5e705172bfcd46068dd59"
    filename: "docker-commons.jpi"
  - download_url: "https://updates.jenkins.io/download/plugins/durable-task/581.v299a_5609d767/durable-task.hpi"
    checksum: "sha256:1ae83a72ef3ece1aebde350a704e025d8f7f035e1b102d0244c926a806fc916b"
    filename: "durable-task.jpi"
  - download_url: "https://updates.jenkins.io/download/plugins/echarts-api/5.5.1-5/echarts-api.hpi"
    checksum: "sha256:926c7df86172b73491eae13d38e3bf1c8b76e3a7b624d6c2a7ee5dbecbdf1529"
    filename: "echarts-api.jpi"
  - download_url: "https://updates.jenkins.io/download/plugins/eddsa-api/0.3.0-4.v84c6f0f4969e/eddsa-api.hpi"
    checksum: "sha256:ab56adb71f31e5627ac6751c393e8692916c1b82bf6b5f8399f9a88cfd8cb944"
    filename: "eddsa-api.jpi"
  - download_url: "https://updates.jenkins.io/download/plugins/email-ext/1876.v28d8d38315b_d/email-ext.hpi"
    checksum: "sha256:c0fc6b34b133fd2c8d293d9d02933cf410c5d37fceeca29a7c351f692d806168"
    filename: "email-ext.jpi"
  - download_url: "https://updates.jenkins.io/download/plugins/favorite/2.225.v68765b_b_a_1fa_3/favorite.hpi"
    checksum: "sha256:c609d80b0b3616fb15564ed0af161893f909e5edfb293f1231deecd67868cec8"
    filename: "favorite.jpi"
  - download_url: "https://updates.jenkins.io/download/plugins/font-awesome-api/6.6.0-2/font-awesome-api.hpi"
    checksum: "sha256:6c0d5b6688372403f98c2ad63eb3269d3a04b2d4df511a6e38b20c1ca253b5b0"
    filename: "font-awesome-api.jpi"
  - download_url: "https://updates.jenkins.io/download/plugins/git-client/6.1.1/git-client.hpi"
    checksum: "sha256:ff349e1b379d56e441d297f075b8db6a2082cf2a74d63b38a308e5f8a76f0eed"
    filename: "git-client.jpi"
  - download_url: "https://updates.jenkins.io/download/plugins/git-server/126.v0d945d8d2b_39/git-server.hpi"
    checksum: "sha256:c30adabceb73090794efaa65ec3fe1b4612e3b0db6325f61b7c861e0007f3e42"
    filename: "git-server.jpi"
  - download_url: "https://updates.jenkins.io/download/plugins/git/5.7.0/git.hpi"
    checksum: "sha256:20f7121b7cfda1d31b0c447b3e3598dc9e5f04fd5fe7e9e784122a496c2e5cea"
    filename: "git.jpi"
  - download_url: "https://updates.jenkins.io/download/plugins/github-api/1.321-478.vc9ce627ce001/github-api.hpi"
    checksum: "sha256:eea82a4c0d7573757988523f2ebf96318815fd4b149d1d2a56d9c958376aa524"
    filename: "github-api.jpi"
  - download_url: "https://updates.jenkins.io/download/plugins/github-branch-source/1810.v913311241fa_9/github-branch-source.hpi"
    checksum: "sha256:b1c88f6d096338fbb34413f87e6b339ce82f06aeb9bee3de5962aa76f95ccdfb"
    filename: "github-branch-source.jpi"
  - download_url: "https://updates.jenkins.io/download/plugins/github/1.41.0/github.hpi"
    checksum: "sha256:deaf2e1e3b34d39d0bd513827573248176ca282665599121bc68e0c1408a9e92"
    filename: "github.jpi"
  - download_url: "https://updates.jenkins.io/download/plugins/google-oauth-plugin/1.330.vf5e86021cb_ec/google-oauth-plugin.hpi"
    checksum: "sha256:ba0958e437336a1c0b4bad498e4d9b429330b80ddd997a5cf3b8332751af52f6"
    filename: "google-oauth-plugin.jpi"
  - download_url: "https://updates.jenkins.io/download/plugins/groovy/457.v99900cb_85593/groovy.hpi"
    checksum: "sha256:47bb64d8d5ef976c4bbed8e6a8a2e3a6b4dbe1fe0df63a3bb10a7e74d5bbd130"
    filename: "groovy.jpi"
  - download_url: "https://updates.jenkins.io/download/plugins/gson-api/2.11.0-85.v1f4e87273c33/gson-api.hpi"
    checksum: "sha256:74a3059af88301a7527458e57ab7b7a8ca91711cc02fe9c34fd41ca3133f5666"
    filename: "gson-api.jpi"
  - download_url: "https://updates.jenkins.io/download/plugins/handy-uri-templates-2-api/2.1.8-30.v7e777411b_148/handy-uri-templates-2-api.hpi"
    checksum: "sha256:d635f86d7bf90cfae400f589e61ed9decf354fb28aab8d9ba8552446a1c913f4"
    filename: "handy-uri-templates-2-api.jpi"
  - download_url: "https://updates.jenkins.io/download/plugins/htmlpublisher/1.37/htmlpublisher.hpi"
    checksum: "sha256:531443a072eaaad17d5c49e95e7397fc453b9e8d9ec886d7e7ebea54167fa83d"
    filename: "htmlpublisher.jpi"
  - download_url: "https://updates.jenkins.io/download/plugins/instance-identity/201.vd2a_b_5a_468a_a_6/instance-identity.hpi"
    checksum: "sha256:c43dc01e201fd37a38a6307dacc84ace60e1608f96623691e1dbe1fdc6d8a911"
    filename: "instance-identity.jpi"
  - download_url: "https://updates.jenkins.io/download/plugins/ionicons-api/74.v93d5eb_813d5f/ionicons-api.hpi"
    checksum: "sha256:681a9cc3083a089d52ef398206bfc521daabf3c682ef0a57be73e0feddc62e8f"
    filename: "ionicons-api.jpi"
  - download_url: "https://updates.jenkins.io/download/plugins/jackson2-api/2.17.0-379.v02de8ec9f64c/jackson2-api.hpi"
    checksum: "sha256:5e2d919724da0a47cd01bdb9f614c8fc90862c09ce506d9b2ca340252bad225e"
    filename: "jackson2-api.jpi"
  - download_url: "https://updates.jenkins.io/download/plugins/jakarta-activation-api/2.1.3-1/jakarta-activation-api.hpi"
    checksum: "sha256:ddc3df5d8c39a2a208661d69277120b1113373b04d06e2250615be2a65404b83"
    filename: "jakarta-activation-api.jpi"
  - download_url: "https://updates.jenkins.io/download/plugins/jakarta-mail-api/2.1.3-1/jakarta-mail-api.hpi"
    checksum: "sha256:851ab22ff0647f4d82baab4e526c6d0ddb3e64ad4969c516116b374ef778e539"
    filename: "jakarta-mail-api.jpi"
  - download_url: "https://updates.jenkins.io/download/plugins/javadoc/310.v032f3f16b_0f8/javadoc.hpi"
    checksum: "sha256:a51bff9a3eb584f95d6db8551635e8e728a672c24fb4e436151664078cef3f63"
    filename: "javadoc.jpi"
  - download_url: "https://updates.jenkins.io/download/plugins/javax-activation-api/1.2.0-7/javax-activation-api.hpi"
    checksum: "sha256:c60ab7240dded219e2cd3002b30579dd993832c5d4683dca710f0f426776b063"
    filename: "javax-activation-api.jpi"
  - download_url: "https://updates.jenkins.io/download/plugins/javax-mail-api/1.6.2-10/javax-mail-api.hpi"
    checksum: "sha256:61a90ff2f9fe244e581221659790e28c547b7ca742b97af0ab65517b63fadd75"
    filename: "javax-mail-api.jpi"
  - download_url: "https://updates.jenkins.io/download/plugins/jaxb/2.3.9-1/jaxb.hpi"
    checksum: "sha256:8c9f7f98d996ade98b7a5dd0cd9d0aba661acea1b99a33f75778bacf39a64659"
    filename: "jaxb.jpi"
  - download_url: "https://updates.jenkins.io/download/plugins/jdk-tool/83.v417146707a_3d/jdk-tool.hpi"
    checksum: "sha256:3f056620342e1a9f97dff41e635970d98a1a33987ed9c9f6c39be7deea341b50"
    filename: "jdk-tool.jpi"
  - download_url: "https://updates.jenkins.io/download/plugins/jenkins-design-language/1.27.16/jenkins-design-language.hpi"
    checksum: "sha256:e6c4eb93f31abf9903de5aa878b51ddda4cf90e19165cb7a294e251b254d0d18"
    filename: "jenkins-design-language.jpi"
  - download_url: "https://updates.jenkins.io/download/plugins/jersey2-api/2.45-154.v4ded3dc34f81/jersey2-api.hpi"
    checksum: "sha256:28c5ae2ae09e990716adf64258171fca3467fd61aa22ed2df0f8ca9750c9e8f6"
    filename: "jersey2-api.jpi"
  - download_url: "https://updates.jenkins.io/download/plugins/jira/3.13/jira.hpi"
    checksum: "sha256:86a30d788c48b91c1d23a4e6fb465a8e1d404a7037c535f830132d17906b7fa0"
    filename: "jira.jpi"
  - download_url: "https://updates.jenkins.io/download/plugins/jjwt-api/0.11.5-112.ve82dfb_224b_a_d/jjwt-api.hpi"
    checksum: "sha256:339161525489ce8ab23d252b9399eda3b849a22faa3542be5ae7c559f9936e47"
    filename: "jjwt-api.jpi"
  - download_url: "https://updates.jenkins.io/download/plugins/job-dsl/1.90/job-dsl.hpi"
    checksum: "sha256:9bc754201687143fa7fde6a2713e112635ce444927a39eeb03962e7f7a456334"
    filename: "job-dsl.jpi"
  - download_url: "https://updates.jenkins.io/download/plugins/joda-time-api/2.13.0-93.v9934da_29b_a_e9/joda-time-api.hpi"
    checksum: "sha256:028cadef5ecde03acf8e07413a32f62fb898d193730dcf2887b65f159c425743"
    filename: "joda-time-api.jpi"
  - download_url: "https://updates.jenkins.io/download/plugins/jquery3-api/3.7.1-2/jquery3-api.hpi"
    checksum: "sha256:322d01e14a368e3131ff388dbc6fe062abaa6cb0a2bb761bc46516f1f7ca1066"
    filename: "jquery3-api.jpi"
  - download_url: "https://updates.jenkins.io/download/plugins/jsch/0.2.16-86.v42e010d9484b_/jsch.hpi"
    checksum: "sha256:f0eb7f7ebaf374f7040e60a56ccd8af6fe471e883957df3a4fff116dda02dc12"
    filename: "jsch.jpi"
  - download_url: "https://updates.jenkins.io/download/plugins/json-api/20250107-125.v28b_a_ffa_eb_f01/json-api.hpi"
    checksum: "sha256:71ac9158623ca2703cf408f90cc3d8c5aa1806facab0964220148d127886ea38"
    filename: "json-api.jpi"
  - download_url: "https://updates.jenkins.io/download/plugins/json-path-api/2.9.0-118.v7f23ed82a_8b_8/json-path-api.hpi"
    checksum: "sha256:cf71719ca21a060c4e96daea900d8873dd8efa946f9bf0c15e1bc40447a6738e"
    filename: "json-path-api.jpi"
  - download_url: "https://updates.jenkins.io/download/plugins/junit/1312.v1a_235a_b_94a_31/junit.hpi"
    checksum: "sha256:923ec47c5639e9f22f0fa428488d887705a4bdfd16b2344e40047ed26f7bb071"
    filename: "junit.jpi"
  - download_url: "https://updates.jenkins.io/download/plugins/kubernetes-client-api/6.10.0-240.v57880ce8b_0b_2/kubernetes-client-api.hpi"
    checksum: "sha256:026d0d0c11d339243554fa2e3a82c053983024b14c52e04702eee0fe56a1b2e8"
    filename: "kubernetes-client-api.jpi"
  - download_url: "https://updates.jenkins.io/download/plugins/kubernetes-credentials/190.v03c305394deb_/kubernetes-credentials.hpi"
    checksum: "sha256:15c8a732a14692d86e4e9e31e1a2092f27c458f48946b54897ece11051433b8f"
    filename: "kubernetes-credentials.jpi"
  - download_url: "https://updates.jenkins.io/download/plugins/kubernetes/4306.vc91e951ea_eb_d/kubernetes.hpi"
    checksum: "sha256:0a8c42b3c265eaa44c38002787c521e83f9ab190358485490e4a2f563adac22c"
    filename: "kubernetes.jpi"
  - download_url: "https://updates.jenkins.io/download/plugins/lockable-resources/1342.v673282c325c0/lockable-resources.hpi"
    checksum: "sha256:e37561b017da7021ad84b46d351c08cc3dc3fe2133beb6954c8501f179d96938"
    filename: "lockable-resources.jpi"
  - download_url: "https://updates.jenkins.io/download/plugins/mailer/489.vd4b_25144138f/mailer.hpi"
    checksum: "sha256:1d836fe30c6515f3918f951d12a4f4aad1d9108eeaa059ff8beaae5e44527da0"
    filename: "mailer.jpi"
  - download_url: "https://updates.jenkins.io/download/plugins/mapdb-api/1.0.9-40.v58107308b_7a_7/mapdb-api.hpi"
    checksum: "sha256:0dfd7a97d4a3436a740c82195dcdf2e102a5f0d7845db49b525a2c85f065663a"
    filename: "mapdb-api.jpi"
  - download_url: "https://updates.jenkins.io/download/plugins/matrix-auth/3.2.4/matrix-auth.hpi"
    checksum: "sha256:2d727b8b1d0dc6e8cc90a832fed0813eb2da060421f8ba9979073cc9f7a80703"
    filename: "matrix-auth.jpi"
  - download_url: "https://updates.jenkins.io/download/plugins/matrix-project/845.vffd7fa_f27555/matrix-project.hpi"
    checksum: "sha256:a776d22da6c3aa8c0bc01455f6eabad0ee7c1c42f34264bf3a6afb3263a62f82"
    filename: "matrix-project.jpi"
  - download_url: "https://updates.jenkins.io/download/plugins/maven-plugin/3.24/maven-plugin.hpi"
    checksum: "sha256:200f92c766c04d9b609b742553e13041db3e2680e0ba655a1c6e405e583c49c6"
    filename: "maven-plugin.jpi"
  - download_url: "https://updates.jenkins.io/download/plugins/mercurial/1308.v0e0888fdb_628/mercurial.hpi"
    checksum: "sha256:7b8ad0e0770ead8cf14a73742a10a8f5a88d8e3ec423c46c6436ceede4579b2c"
    filename: "mercurial.jpi"
  - download_url: "https://updates.jenkins.io/download/plugins/metrics/4.2.21-461.v881e35d8fa_b_a_/metrics.hpi"
    checksum: "sha256:32464ca273cc4ea3345352a89434c6ab8277167547556e10a20544138f8ddfb4"
    filename: "metrics.jpi"
  - download_url: "https://updates.jenkins.io/download/plugins/mina-sshd-api-common/2.14.0-143.v2b_362fc39576/mina-sshd-api-common.hpi"
    checksum: "sha256:7e3771d302a9b4ff7f84fedb62088173a2cd07e0f1f679ad9a2cf445c5a65b65"
    filename: "mina-sshd-api-common.jpi"
  - download_url: "https://updates.jenkins.io/download/plugins/mina-sshd-api-core/2.14.0-143.v2b_362fc39576/mina-sshd-api-core.hpi"
    checksum: "sha256:235d0f602be5b39e3f53f60e25e7437ba7e1a36a1161285132699f31210a1d45"
    filename: "mina-sshd-api-core.jpi"
  - download_url: "https://updates.jenkins.io/download/plugins/oauth-credentials/0.653.v14cf2088e950/oauth-credentials.hpi"
    checksum: "sha256:70012ececc059b812212aa22f120da5caa196fbf5f58f58fb1998792e84f0638"
    filename: "oauth-credentials.jpi"
  - download_url: "https://updates.jenkins.io/download/plugins/okhttp-api/4.11.0-183.va_87fc7a_89810/okhttp-api.hpi"
    checksum: "sha256:a2ed9bd77f7098355fb47e6c1f760d1910b6c2c4998425479cb6d9eedd823c5b"
    filename: "okhttp-api.jpi"
  - download_url: "https://updates.jenkins.io/download/plugins/openshift-client/1.1.0.424.v829cb_ccf8798/openshift-client.hpi"
    checksum: "sha256:3557c8d13bef78014be79e218ac3d4e9145c5347b27275d46f230b1e740aa28f"
    filename: "openshift-client.jpi"
  - download_url: "https://updates.jenkins.io/download/plugins/openshift-login/1.1.0.248.v1908df5c4f5e/openshift-login.hpi"
    checksum: "sha256:3014aa9f0ee6a6f83c4d54e567d8bb7504fb3cc07575fd3179f5df4badbfb24b"
    filename: "openshift-login.jpi"
  - download_url: "https://updates.jenkins.io/download/plugins/openshift-sync/1.1.0.802.v45585f8cdc07/openshift-sync.hpi"
    checksum: "sha256:ad94e9c5095c566e1002e80c3c53568f0b013450540c1414b63af944af677907"
    filename: "openshift-sync.jpi"
  - download_url: "https://updates.jenkins.io/download/plugins/pam-auth/1.11/pam-auth.hpi"
    checksum: "sha256:916723797fe546f8c39ff4bb6d8b7fad581ae821373905c687b271199578d2d4"
    filename: "pam-auth.jpi"
  - download_url: "https://updates.jenkins.io/download/plugins/parameterized-trigger/840.v3c7d4a_a_5e6c7/parameterized-trigger.hpi"
    checksum: "sha256:6498279150bf59320f7ae9c0c5405592221f4a6a659ccfc198e3bb82eafa7a33"
    filename: "parameterized-trigger.jpi"
  - download_url: "https://updates.jenkins.io/download/plugins/pipeline-build-step/551.v178956c49ef8/pipeline-build-step.hpi"
    checksum: "sha256:28b88ba21c4483b073bd85634d67bdbd7ceb6cf47cbc423d3d4635bd66a514e0"
    filename: "pipeline-build-step.jpi"
  - download_url: "https://updates.jenkins.io/download/plugins/pipeline-graph-analysis/216.vfd8b_ece330ca_/pipeline-graph-analysis.hpi"
    checksum: "sha256:068e50f8d01a2efad93a29df93aeb75d7c8cbc50bba2db5babfba7b397a97b23"
    filename: "pipeline-graph-analysis.jpi"
  - download_url: "https://updates.jenkins.io/download/plugins/pipeline-groovy-lib/749.v70084559234a_/pipeline-groovy-lib.hpi"
    checksum: "sha256:21b853019d02c7883f860f075437b6f42d5a709568be05efd29a642ccfb9340a"
    filename: "pipeline-groovy-lib.jpi"
  - download_url: "https://updates.jenkins.io/download/plugins/pipeline-input-step/508.v584c0e9a_2177/pipeline-input-step.hpi"
    checksum: "sha256:6a2025b06052b69872b7ac9c2744f52866ea7238f81abe4c1169a1aad10dd520"
    filename: "pipeline-input-step.jpi"
  - download_url: "https://updates.jenkins.io/download/plugins/pipeline-milestone-step/119.vdfdc43fc3b_9a_/pipeline-milestone-step.hpi"
    checksum: "sha256:0686e6f1b11bdd034cb1adbcbe6ecb65551c1f0e1cc4391066cde0d35197c7ec"
    filename: "pipeline-milestone-step.jpi"
  - download_url: "https://updates.jenkins.io/download/plugins/pipeline-model-api/2.2221.vc657003fb_d93/pipeline-model-api.hpi"
    checksum: "sha256:829e031d6ab975aa65e754528a1cdfb0c25e7e026f42aef5d03c05e8ec84c6d0"
    filename: "pipeline-model-api.jpi"
  - download_url: "https://updates.jenkins.io/download/plugins/pipeline-model-definition/2.2221.vc657003fb_d93/pipeline-model-definition.hpi"
    checksum: "sha256:c077f59a6a151783cf27f38a9189e0462371535006ada0f8f5d979e8ec6a865f"
    filename: "pipeline-model-definition.jpi"
  - download_url: "https://updates.jenkins.io/download/plugins/pipeline-model-extensions/2.2221.vc657003fb_d93/pipeline-model-extensions.hpi"
    checksum: "sha256:f8a8b666449bb05bdebf86c008b9fa9a84d74e558bf6275a773fbf1e493c4ccd"
    filename: "pipeline-model-extensions.jpi"
  - download_url: "https://updates.jenkins.io/download/plugins/pipeline-rest-api/2.34/pipeline-rest-api.hpi"
    checksum: "sha256:b7db14bee545c46c37684a976a8c6063e555d213bed5d40fc35d91de6a61b77a"
    filename: "pipeline-rest-api.jpi"
  - download_url: "https://updates.jenkins.io/download/plugins/pipeline-stage-step/312.v8cd10304c27a_/pipeline-stage-step.hpi"
    checksum: "sha256:f254c8981de34c1a63f550c5ed374b885c25daf5df4d99555119a41b7a9f936c"
    filename: "pipeline-stage-step.jpi"
  - download_url: "https://updates.jenkins.io/download/plugins/pipeline-stage-tags-metadata/2.2221.vc657003fb_d93/pipeline-stage-tags-metadata.hpi"
    checksum: "sha256:06b4cff16e32febdf07804e9b668b2986723b3874c1cbbca5ca5c4a50c24ce98"
    filename: "pipeline-stage-tags-metadata.jpi"
  - download_url: "https://updates.jenkins.io/download/plugins/pipeline-stage-view/2.34/pipeline-stage-view.hpi"
    checksum: "sha256:e9caa817ea2645250da1359097ca71f0ebb1e7bc40094d8331575aafb7290e5b"
    filename: "pipeline-stage-view.jpi"
  - download_url: "https://updates.jenkins.io/download/plugins/pipeline-utility-steps/2.18.0/pipeline-utility-steps.hpi"
    checksum: "sha256:d1d78b2d4aed7bc350f9281d5da8dd7aa0be5821395a31ad28a7aa571027008c"
    filename: "pipeline-utility-steps.jpi"
  - download_url: "https://updates.jenkins.io/download/plugins/plain-credentials/183.va_de8f1dd5a_2b_/plain-credentials.hpi"
    checksum: "sha256:9422eaa765e6591e3c845bfec9c105f5600a058951a2940aec5be0ed76ea813a"
    filename: "plain-credentials.jpi"
  - download_url: "https://updates.jenkins.io/download/plugins/plugin-util-api/5.1.0/plugin-util-api.hpi"
    checksum: "sha256:f3663009736c677afea03b566555459f8ef15164863743671e31f4f675474ceb"
    filename: "plugin-util-api.jpi"
  - download_url: "https://updates.jenkins.io/download/plugins/prism-api/1.29.0-18/prism-api.hpi"
    checksum: "sha256:ebaa9efa493822245929957137b430cd36adf1e43c344f941aa2429a0013507d"
    filename: "prism-api.jpi"
  - download_url: "https://updates.jenkins.io/download/plugins/prometheus/801.v98e119d8eeda_/prometheus.hpi"
    checksum: "sha256:ecbeb68d1a624a6a488f91431413647c015c86b3441664adfa18fa66b47d492c"
    filename: "prometheus.jpi"
  - download_url: "https://updates.jenkins.io/download/plugins/pubsub-light/1.18/pubsub-light.hpi"
    checksum: "sha256:73ef42ad025c64c6f9f91b0e1226a47feee2daa92dd565391675f84f0f18abe9"
    filename: "pubsub-light.jpi"
  - download_url: "https://updates.jenkins.io/download/plugins/run-condition/243.v3c3f94e46a_8b_/run-condition.hpi"
    checksum: "sha256:1ec8909eccc7c698858e6918660ddc0fcfc530391417d249b36409cf1abbf6e3"
    filename: "run-condition.jpi"
  - download_url: "https://updates.jenkins.io/download/plugins/scm-api/703.v72ff4b_259600/scm-api.hpi"
    checksum: "sha256:f8188ca41b87236492618270d4609c68f6840049aa3d948baa97c9fb8778f449"
    filename: "scm-api.jpi"
  - download_url: "https://updates.jenkins.io/download/plugins/script-security/1369.v9b_98a_4e95b_2d/script-security.hpi"
    checksum: "sha256:bf771fd9b14ff6a6c76b572832b8a7fa5824eb2a6e87392f6eb640224f5485e4"
    filename: "script-security.jpi"
  - download_url: "https://updates.jenkins.io/download/plugins/snakeyaml-api/2.3-123.v13484c65210a_/snakeyaml-api.hpi"
    checksum: "sha256:d5b81a0d0cfd411de76daefd91b1dcdc0a573bc5be9ff6ed1f47411fadae13fe"
    filename: "snakeyaml-api.jpi"
  - download_url: "https://updates.jenkins.io/download/plugins/sse-gateway/1.27/sse-gateway.hpi"
    checksum: "sha256:7ba358959e444d8d62b978601a65a30b6c0cc1b6ff8a51ba6d4360a3263c3295"
    filename: "sse-gateway.jpi"
  - download_url: "https://updates.jenkins.io/download/plugins/ssh-credentials/349.vb_8b_6b_9709f5b_/ssh-credentials.hpi"
    checksum: "sha256:9794ef186ef33735522b1915cad95f5d11196c9bf9ca4d0e46e0b1ef0464a3e7"
    filename: "ssh-credentials.jpi"
  - download_url: "https://updates.jenkins.io/download/plugins/sshd/3.330.vc866a_8389b_58/sshd.hpi"
    checksum: "sha256:de916ad50d32721e9162363f86b9b12a013c3cee5e256401d0c116093bfa2183"
    filename: "sshd.jpi"
  - download_url: "https://updates.jenkins.io/download/plugins/structs/338.v848422169819/structs.hpi"
    checksum: "sha256:7cae811a39788f58a954774631f0a279d4bf5e32672837268a85382267a8af66"
    filename: "structs.jpi"
  - download_url: "https://updates.jenkins.io/download/plugins/subversion/1283.vfc8b_92d49a_06/subversion.hpi"
    checksum: "sha256:4c11b403da2cb7b1c7fc9dfbd78f3a5acb2a6b79498ef1070e6cf4af1b2481ed"
    filename: "subversion.jpi"
  - download_url: "https://updates.jenkins.io/download/plugins/token-macro/400.v35420b_922dcb_/token-macro.hpi"
    checksum: "sha256:822726088a5893f248b7bba1aea92ef6df1534b64acc0a23e2fc976db33439c8"
    filename: "token-macro.jpi"
  - download_url: "https://updates.jenkins.io/download/plugins/trilead-api/2.147.vb_73cc728a_32e/trilead-api.hpi"
    checksum: "sha256:25b8858b595b75db10248f8a2dfdbedf049d4356f9b1c096573f845c9a962e4d"
    filename: "trilead-api.jpi"
  - download_url: "https://updates.jenkins.io/download/plugins/variant/70.va_d9f17f859e0/variant.hpi"
    checksum: "sha256:12e214ea694469a4461b55881ecb4074ae5dfb04797dbc0dad390f6f4bc75aaf"
    filename: "variant.jpi"
  - download_url: "https://updates.jenkins.io/download/plugins/workflow-api/1363.v03f731255494/workflow-api.hpi"
    checksum: "sha256:132dde597187a54dbc6df5383266d5b7a2c540f64bbe0fa23cc29df343f776d4"
    filename: "workflow-api.jpi"
  - download_url: "https://updates.jenkins.io/download/plugins/workflow-basic-steps/1079.vce64b_a_929c5a_/workflow-basic-steps.hpi"
    checksum: "sha256:4a12c1de5895318f78af0b547f20405a79dee62ca05fc3dd6ce52c479c5d1182"
    filename: "workflow-basic-steps.jpi"
  - download_url: "https://updates.jenkins.io/download/plugins/workflow-cps-global-lib/612.v55f2f80781ef/workflow-cps-global-lib.hpi"
    checksum: "sha256:5f7df8477690b28d5d17fa9f510caa7e301918f6707d862f1aa18c81b67ca514"
    filename: "workflow-cps-global-lib.jpi"
  - download_url: "https://updates.jenkins.io/download/plugins/workflow-cps/4014.vcd7dc51d8b_30/workflow-cps.hpi"
    checksum: "sha256:d5c83c789603506f4fcf2d08d84d0493d428839180f345e29d46d3fa2de474aa"
    filename: "workflow-cps.jpi"
  - download_url: "https://updates.jenkins.io/download/plugins/workflow-durable-task-step/1405.v1fcd4a_d00096/workflow-durable-task-step.hpi"
    checksum: "sha256:82f1b7e2d5c863d0aa204011373b8dc0923bf2f64e3e751884d3ed19d463e275"
    filename: "workflow-durable-task-step.jpi"
  - download_url: "https://updates.jenkins.io/download/plugins/workflow-job/1498.v33a_0c6f3a_4b_4/workflow-job.hpi"
    checksum: "sha256:4b8a9dec8d043661a203ad056f1ebfad7c65ae6ae1ebf87419a520decbe6b769"
    filename: "workflow-job.jpi"
  - download_url: "https://updates.jenkins.io/download/plugins/workflow-multibranch/800.v5f0a_a_660950e/workflow-multibranch.hpi"
    checksum: "sha256:9a1beb3af51f19d7b0c21af3fba4c19768803e75585dbffdf9ee1e9086624611"
    filename: "workflow-multibranch.jpi"
  - download_url: "https://updates.jenkins.io/download/plugins/workflow-scm-step/427.v4ca_6512e7df1/workflow-scm-step.hpi"
    checksum: "sha256:4a06c4667e1bc437e89107abd9a316adaf51fca4fd504d12a525194777d34ad8"
    filename: "workflow-scm-step.jpi"
  - download_url: "https://updates.jenkins.io/download/plugins/workflow-step-api/686.v603d058a_e148/workflow-step-api.hpi"
    checksum: "sha256:3dddba768bd0eaba8e7f0b5bf522f7d5ceb169c86ec12bbc156e44e6301a7d61"
    filename: "workflow-step-api.jpi"
  - download_url: "https://updates.jenkins.io/download/plugins/workflow-support/944.v5a_859593b_98a_/workflow-support.hpi"
    checksum: "sha256:fe0642e50e3b30c769c2b075a5df15828f7d0a6cbc8df9917a8db14813ba9532"
    filename: "workflow-support.jpi"
